// !$*UTF8*$!
{
	archiveVersion = 1;
	classes = {
	};
	objectVersion = 46;
	objects = {

/* Begin PBXBuildFile section */
		5D7430561B4FE24E002F1C14 /* Timer.cpp in Sources */ = {isa = PBXBuildFile; fileRef = 5D7430541B4FE24E002F1C14 /* Timer.cpp */; };
		5DA7D9A81AE23A0200AB68EE /* Twinkle.cpp in Sources */ = {isa = PBXBuildFile; fileRef = 5DA7D9A61AE23A0200AB68EE /* Twinkle.cpp */; };
		5DA7E0C71ADEC3F00044E43C /* XBeeController.cpp in Sources */ = {isa = PBXBuildFile; fileRef = 5DA7E0C41ADEC3F00044E43C /* XBeeController.cpp */; };
		5DA7E0CD1ADED83C0044E43C /* Serial.cpp in Sources */ = {isa = PBXBuildFile; fileRef = 5DA7E0CB1ADED83C0044E43C /* Serial.cpp */; };
		EB0B60FA1B5048FE004592E0 /* AudioMixer.cpp in Sources */ = {isa = PBXBuildFile; fileRef = EB0B60F81B5048FE004592E0 /* AudioMixer.cpp */; };
		EB0B61001B50681F004592E0 /* Delay.cpp in Sources */ = {isa = PBXBuildFile; fileRef = EB0B60FE1B50681F004592E0 /* Delay.cpp */; };
		EB0D9472199B4CE600FF43D4 /* Cocoa.framework in Frameworks */ = {isa = PBXBuildFile; fileRef = EB0D9471199B4CE600FF43D4 /* Cocoa.framework */; };
		EB0D947C199B4CE600FF43D4 /* InfoPlist.strings in Resources */ = {isa = PBXBuildFile; fileRef = EB0D947A199B4CE600FF43D4 /* InfoPlist.strings */; };
		EB0D947E199B4CE600FF43D4 /* main.m in Sources */ = {isa = PBXBuildFile; fileRef = EB0D947D199B4CE600FF43D4 /* main.m */; };
		EB0D9482199B4CE600FF43D4 /* Credits.rtf in Resources */ = {isa = PBXBuildFile; fileRef = EB0D9480199B4CE600FF43D4 /* Credits.rtf */; };
		EB0D9485199B4CE600FF43D4 /* AppDelegate.mm in Sources */ = {isa = PBXBuildFile; fileRef = EB0D9484199B4CE600FF43D4 /* AppDelegate.mm */; };
		EB0D9488199B4CE700FF43D4 /* MainMenu.xib in Resources */ = {isa = PBXBuildFile; fileRef = EB0D9486199B4CE700FF43D4 /* MainMenu.xib */; };
		EB0D948A199B4CE700FF43D4 /* Images.xcassets in Resources */ = {isa = PBXBuildFile; fileRef = EB0D9489199B4CE700FF43D4 /* Images.xcassets */; };
		EB0D9491199B4CE700FF43D4 /* XCTest.framework in Frameworks */ = {isa = PBXBuildFile; fileRef = EB0D9490199B4CE700FF43D4 /* XCTest.framework */; };
		EB0D9492199B4CE700FF43D4 /* Cocoa.framework in Frameworks */ = {isa = PBXBuildFile; fileRef = EB0D9471199B4CE600FF43D4 /* Cocoa.framework */; };
		EB0D949A199B4CE700FF43D4 /* InfoPlist.strings in Resources */ = {isa = PBXBuildFile; fileRef = EB0D9498199B4CE700FF43D4 /* InfoPlist.strings */; };
		EB0D949C199B4CE700FF43D4 /* RTSOSCAppTests.m in Sources */ = {isa = PBXBuildFile; fileRef = EB0D949B199B4CE700FF43D4 /* RTSOSCAppTests.m */; };
		EB0D952A199B4E8B00FF43D4 /* libpm.a in Frameworks */ = {isa = PBXBuildFile; fileRef = EB0D94CE199B4E8B00FF43D4 /* libpm.a */; };
		EB0D952B199B4E8B00FF43D4 /* libportaudio.a in Frameworks */ = {isa = PBXBuildFile; fileRef = EB0D94CF199B4E8B00FF43D4 /* libportaudio.a */; };
		EB0D952C199B4E8B00FF43D4 /* libportsf.a in Frameworks */ = {isa = PBXBuildFile; fileRef = EB0D94D0199B4E8B00FF43D4 /* libportsf.a */; };
		EB0D952D199B4E8B00FF43D4 /* libpt.a in Frameworks */ = {isa = PBXBuildFile; fileRef = EB0D94D1199B4E8B00FF43D4 /* libpt.a */; };
		EB0D954C199B4E8B00FF43D4 /* Audio.cpp in Sources */ = {isa = PBXBuildFile; fileRef = EB0D9500199B4E8B00FF43D4 /* Audio.cpp */; };
		EB0D9551199B4E8B00FF43D4 /* Data.cpp in Sources */ = {isa = PBXBuildFile; fileRef = EB0D950A199B4E8B00FF43D4 /* Data.cpp */; };
		EB0D955A199B4E8C00FF43D4 /* RoutingTable.cpp in Sources */ = {isa = PBXBuildFile; fileRef = EB0D951B199B4E8B00FF43D4 /* RoutingTable.cpp */; };
		EB0D955C199B4E8C00FF43D4 /* Server.cpp in Sources */ = {isa = PBXBuildFile; fileRef = EB0D951F199B4E8B00FF43D4 /* Server.cpp */; };
		EB0D9564199B4FE000FF43D4 /* AudioToolbox.framework in Frameworks */ = {isa = PBXBuildFile; fileRef = EB0D9563199B4FE000FF43D4 /* AudioToolbox.framework */; };
		EB0D9566199B4FFF00FF43D4 /* AudioUnit.framework in Frameworks */ = {isa = PBXBuildFile; fileRef = EB0D9565199B4FFF00FF43D4 /* AudioUnit.framework */; };
		EB0D9568199B507600FF43D4 /* CoreAudio.framework in Frameworks */ = {isa = PBXBuildFile; fileRef = EB0D9567199B507600FF43D4 /* CoreAudio.framework */; };
		EB4BC75E1B5E2040005EE71D /* GrinderTemplate.png in Resources */ = {isa = PBXBuildFile; fileRef = EB4BC75D1B5E2040005EE71D /* GrinderTemplate.png */; };
		EB59C2401ADB920D00255110 /* address.c in Sources */ = {isa = PBXBuildFile; fileRef = EB59C2281ADB920D00255110 /* address.c */; };
		EB59C2411ADB920D00255110 /* blob.c in Sources */ = {isa = PBXBuildFile; fileRef = EB59C2291ADB920D00255110 /* blob.c */; };
		EB59C2421ADB920D00255110 /* bundle.c in Sources */ = {isa = PBXBuildFile; fileRef = EB59C22A1ADB920D00255110 /* bundle.c */; };
		EB59C2431ADB920D00255110 /* message.c in Sources */ = {isa = PBXBuildFile; fileRef = EB59C22E1ADB920D00255110 /* message.c */; };
		EB59C2441ADB920D00255110 /* method.c in Sources */ = {isa = PBXBuildFile; fileRef = EB59C22F1ADB920D00255110 /* method.c */; };
		EB59C2451ADB920D00255110 /* pattern_match.c in Sources */ = {isa = PBXBuildFile; fileRef = EB59C2301ADB920D00255110 /* pattern_match.c */; };
		EB59C2461ADB920D00255110 /* send.c in Sources */ = {isa = PBXBuildFile; fileRef = EB59C2311ADB920D00255110 /* send.c */; };
		EB59C2471ADB920D00255110 /* server.c in Sources */ = {isa = PBXBuildFile; fileRef = EB59C2321ADB920D00255110 /* server.c */; };
		EB59C2481ADB920D00255110 /* server_thread.c in Sources */ = {isa = PBXBuildFile; fileRef = EB59C2331ADB920D00255110 /* server_thread.c */; };
		EB59C2491ADB920D00255110 /* timetag.c in Sources */ = {isa = PBXBuildFile; fileRef = EB59C2341ADB920D00255110 /* timetag.c */; };
		EBA5BBD51B5389C600915074 /* Lowpass.cpp in Sources */ = {isa = PBXBuildFile; fileRef = EBA5BBD31B5389C600915074 /* Lowpass.cpp */; };
		EBC077581B46DB2A00818E2A /* Object.cpp in Sources */ = {isa = PBXBuildFile; fileRef = EBC077561B46DB2A00818E2A /* Object.cpp */; };
		EBC0775B1B47C36300818E2A /* SerialParser.cpp in Sources */ = {isa = PBXBuildFile; fileRef = EBC077591B47C36300818E2A /* SerialParser.cpp */; };
		EBD51BC21ADAAEF300AE5605 /* Module.cpp in Sources */ = {isa = PBXBuildFile; fileRef = EBD51BC01ADAAEF300AE5605 /* Module.cpp */; };
		EBD51BCA1ADAAF6500AE5605 /* AudioSource.cpp in Sources */ = {isa = PBXBuildFile; fileRef = EBD51BC51ADAAF6500AE5605 /* AudioSource.cpp */; };
		EBD51BCB1ADAAF6500AE5605 /* DAC.cpp in Sources */ = {isa = PBXBuildFile; fileRef = EBD51BC71ADAAF6500AE5605 /* DAC.cpp */; };
		EBD51BD21ADAAFB300AE5605 /* Coordinator.cpp in Sources */ = {isa = PBXBuildFile; fileRef = EBD51BCC1ADAAFB300AE5605 /* Coordinator.cpp */; };
		EBD51BD31ADAAFB300AE5605 /* ModuleList.cpp in Sources */ = {isa = PBXBuildFile; fileRef = EBD51BCE1ADAAFB300AE5605 /* ModuleList.cpp */; };
		EBD51BD41ADAAFB300AE5605 /* MToken.cpp in Sources */ = {isa = PBXBuildFile; fileRef = EBD51BD01ADAAFB300AE5605 /* MToken.cpp */; };
		EBD51BD71ADAB02C00AE5605 /* Volume.cpp in Sources */ = {isa = PBXBuildFile; fileRef = EBD51BD51ADAB02C00AE5605 /* Volume.cpp */; };
		EBD51BDA1ADAB05500AE5605 /* Recorder.cpp in Sources */ = {isa = PBXBuildFile; fileRef = EBD51BD81ADAB05500AE5605 /* Recorder.cpp */; };
		EBD51BE01ADAB93600AE5605 /* Tile.cpp in Sources */ = {isa = PBXBuildFile; fileRef = EBD51BDE1ADAB93600AE5605 /* Tile.cpp */; };
		EBD51BE31ADABA6000AE5605 /* StreamingBuffer.cpp in Sources */ = {isa = PBXBuildFile; fileRef = EBD51BE11ADABA6000AE5605 /* StreamingBuffer.cpp */; };
		EBD7B9041B64746F004D784E /* SawAM.cpp in Sources */ = {isa = PBXBuildFile; fileRef = EBD7B9021B64746F004D784E /* SawAM.cpp */; };
		EBD7B9071B647DB7004D784E /* AMSynth.cpp in Sources */ = {isa = PBXBuildFile; fileRef = EBD7B9051B647DB7004D784E /* AMSynth.cpp */; };
		EBF7D09F1AD8FE5F0086527E /* CoffeeMill.cpp in Sources */ = {isa = PBXBuildFile; fileRef = EBF7D09D1AD8FE5F0086527E /* CoffeeMill.cpp */; };
/* End PBXBuildFile section */

/* Begin PBXContainerItemProxy section */
		EB0D9493199B4CE700FF43D4 /* PBXContainerItemProxy */ = {
			isa = PBXContainerItemProxy;
			containerPortal = EB0D9466199B4CE600FF43D4 /* Project object */;
			proxyType = 1;
			remoteGlobalIDString = EB0D946D199B4CE600FF43D4;
			remoteInfo = RTSOSCApp;
		};
/* End PBXContainerItemProxy section */

/* Begin PBXFileReference section */
		5D7430541B4FE24E002F1C14 /* Timer.cpp */ = {isa = PBXFileReference; fileEncoding = 4; lastKnownFileType = sourcecode.cpp.cpp; path = Timer.cpp; sourceTree = "<group>"; };
		5D7430551B4FE24E002F1C14 /* Timer.h */ = {isa = PBXFileReference; fileEncoding = 4; lastKnownFileType = sourcecode.c.h; path = Timer.h; sourceTree = "<group>"; };
		5DA7D9A61AE23A0200AB68EE /* Twinkle.cpp */ = {isa = PBXFileReference; fileEncoding = 4; lastKnownFileType = sourcecode.cpp.cpp; name = Twinkle.cpp; path = RTSOSC/Twinkle.cpp; sourceTree = SOURCE_ROOT; };
		5DA7D9A71AE23A0200AB68EE /* Twinkle.h */ = {isa = PBXFileReference; fileEncoding = 4; lastKnownFileType = sourcecode.c.h; name = Twinkle.h; path = RTSOSC/Twinkle.h; sourceTree = SOURCE_ROOT; };
		5DA7E0C41ADEC3F00044E43C /* XBeeController.cpp */ = {isa = PBXFileReference; fileEncoding = 4; lastKnownFileType = sourcecode.cpp.cpp; path = XBeeController.cpp; sourceTree = "<group>"; };
		5DA7E0C51ADEC3F00044E43C /* XBeeController.h */ = {isa = PBXFileReference; fileEncoding = 4; lastKnownFileType = sourcecode.c.h; path = XBeeController.h; sourceTree = "<group>"; };
		5DA7E0CB1ADED83C0044E43C /* Serial.cpp */ = {isa = PBXFileReference; fileEncoding = 4; lastKnownFileType = sourcecode.cpp.cpp; path = Serial.cpp; sourceTree = "<group>"; };
		5DA7E0CC1ADED83C0044E43C /* Serial.h */ = {isa = PBXFileReference; fileEncoding = 4; lastKnownFileType = sourcecode.c.h; path = Serial.h; sourceTree = "<group>"; };
		EB0B60F81B5048FE004592E0 /* AudioMixer.cpp */ = {isa = PBXFileReference; fileEncoding = 4; lastKnownFileType = sourcecode.cpp.cpp; path = AudioMixer.cpp; sourceTree = "<group>"; };
		EB0B60F91B5048FE004592E0 /* AudioMixer.h */ = {isa = PBXFileReference; fileEncoding = 4; lastKnownFileType = sourcecode.c.h; path = AudioMixer.h; sourceTree = "<group>"; };
		EB0B60FE1B50681F004592E0 /* Delay.cpp */ = {isa = PBXFileReference; fileEncoding = 4; lastKnownFileType = sourcecode.cpp.cpp; path = Delay.cpp; sourceTree = "<group>"; };
		EB0B60FF1B50681F004592E0 /* Delay.h */ = {isa = PBXFileReference; fileEncoding = 4; lastKnownFileType = sourcecode.c.h; path = Delay.h; sourceTree = "<group>"; };
		EB0D946E199B4CE600FF43D4 /* MITAI.app */ = {isa = PBXFileReference; explicitFileType = wrapper.application; includeInIndex = 0; path = MITAI.app; sourceTree = BUILT_PRODUCTS_DIR; };
		EB0D9471199B4CE600FF43D4 /* Cocoa.framework */ = {isa = PBXFileReference; lastKnownFileType = wrapper.framework; name = Cocoa.framework; path = System/Library/Frameworks/Cocoa.framework; sourceTree = SDKROOT; };
		EB0D9474199B4CE600FF43D4 /* AppKit.framework */ = {isa = PBXFileReference; lastKnownFileType = wrapper.framework; name = AppKit.framework; path = System/Library/Frameworks/AppKit.framework; sourceTree = SDKROOT; };
		EB0D9475199B4CE600FF43D4 /* CoreData.framework */ = {isa = PBXFileReference; lastKnownFileType = wrapper.framework; name = CoreData.framework; path = System/Library/Frameworks/CoreData.framework; sourceTree = SDKROOT; };
		EB0D9476199B4CE600FF43D4 /* Foundation.framework */ = {isa = PBXFileReference; lastKnownFileType = wrapper.framework; name = Foundation.framework; path = System/Library/Frameworks/Foundation.framework; sourceTree = SDKROOT; };
		EB0D9479199B4CE600FF43D4 /* MITAI-Info.plist */ = {isa = PBXFileReference; lastKnownFileType = text.plist.xml; path = "MITAI-Info.plist"; sourceTree = "<group>"; };
		EB0D947B199B4CE600FF43D4 /* en */ = {isa = PBXFileReference; lastKnownFileType = text.plist.strings; name = en; path = en.lproj/InfoPlist.strings; sourceTree = "<group>"; };
		EB0D947D199B4CE600FF43D4 /* main.m */ = {isa = PBXFileReference; lastKnownFileType = sourcecode.c.objc; path = main.m; sourceTree = "<group>"; };
		EB0D947F199B4CE600FF43D4 /* MITAI-Prefix.pch */ = {isa = PBXFileReference; lastKnownFileType = sourcecode.c.h; path = "MITAI-Prefix.pch"; sourceTree = "<group>"; };
		EB0D9481199B4CE600FF43D4 /* en */ = {isa = PBXFileReference; lastKnownFileType = text.rtf; name = en; path = en.lproj/Credits.rtf; sourceTree = "<group>"; };
		EB0D9483199B4CE600FF43D4 /* AppDelegate.h */ = {isa = PBXFileReference; lastKnownFileType = sourcecode.c.h; path = AppDelegate.h; sourceTree = "<group>"; };
		EB0D9484199B4CE600FF43D4 /* AppDelegate.mm */ = {isa = PBXFileReference; lastKnownFileType = sourcecode.cpp.objcpp; path = AppDelegate.mm; sourceTree = "<group>"; };
		EB0D9487199B4CE700FF43D4 /* Base */ = {isa = PBXFileReference; lastKnownFileType = file.xib; name = Base; path = Base.lproj/MainMenu.xib; sourceTree = "<group>"; };
		EB0D9489199B4CE700FF43D4 /* Images.xcassets */ = {isa = PBXFileReference; lastKnownFileType = folder.assetcatalog; path = Images.xcassets; sourceTree = "<group>"; };
		EB0D948F199B4CE700FF43D4 /* MITAITests.xctest */ = {isa = PBXFileReference; explicitFileType = wrapper.cfbundle; includeInIndex = 0; path = MITAITests.xctest; sourceTree = BUILT_PRODUCTS_DIR; };
		EB0D9490199B4CE700FF43D4 /* XCTest.framework */ = {isa = PBXFileReference; lastKnownFileType = wrapper.framework; name = XCTest.framework; path = Library/Frameworks/XCTest.framework; sourceTree = DEVELOPER_DIR; };
		EB0D9497199B4CE700FF43D4 /* MITAITests-Info.plist */ = {isa = PBXFileReference; lastKnownFileType = text.plist.xml; path = "MITAITests-Info.plist"; sourceTree = "<group>"; };
		EB0D9499199B4CE700FF43D4 /* en */ = {isa = PBXFileReference; lastKnownFileType = text.plist.strings; name = en; path = en.lproj/InfoPlist.strings; sourceTree = "<group>"; };
		EB0D949B199B4CE700FF43D4 /* RTSOSCAppTests.m */ = {isa = PBXFileReference; lastKnownFileType = sourcecode.c.objc; path = RTSOSCAppTests.m; sourceTree = "<group>"; };
		EB0D94B1199B4E8B00FF43D4 /* portaudio.h */ = {isa = PBXFileReference; fileEncoding = 4; lastKnownFileType = sourcecode.c.h; path = portaudio.h; sourceTree = "<group>"; };
		EB0D94B2199B4E8B00FF43D4 /* portmidi.h */ = {isa = PBXFileReference; fileEncoding = 4; lastKnownFileType = sourcecode.c.h; path = portmidi.h; sourceTree = "<group>"; };
		EB0D94B3199B4E8B00FF43D4 /* portsf.h */ = {isa = PBXFileReference; fileEncoding = 4; lastKnownFileType = sourcecode.c.h; path = portsf.h; sourceTree = "<group>"; };
		EB0D94B4199B4E8B00FF43D4 /* porttime.h */ = {isa = PBXFileReference; fileEncoding = 4; lastKnownFileType = sourcecode.c.h; path = porttime.h; sourceTree = "<group>"; };
		EB0D94CE199B4E8B00FF43D4 /* libpm.a */ = {isa = PBXFileReference; lastKnownFileType = archive.ar; path = libpm.a; sourceTree = "<group>"; };
		EB0D94CF199B4E8B00FF43D4 /* libportaudio.a */ = {isa = PBXFileReference; lastKnownFileType = archive.ar; path = libportaudio.a; sourceTree = "<group>"; };
		EB0D94D0199B4E8B00FF43D4 /* libportsf.a */ = {isa = PBXFileReference; lastKnownFileType = archive.ar; path = libportsf.a; sourceTree = "<group>"; };
		EB0D94D1199B4E8B00FF43D4 /* libpt.a */ = {isa = PBXFileReference; lastKnownFileType = archive.ar; path = libpt.a; sourceTree = "<group>"; };
		EB0D9500199B4E8B00FF43D4 /* Audio.cpp */ = {isa = PBXFileReference; fileEncoding = 4; lastKnownFileType = sourcecode.cpp.cpp; path = Audio.cpp; sourceTree = "<group>"; };
		EB0D9501199B4E8B00FF43D4 /* Audio.h */ = {isa = PBXFileReference; fileEncoding = 4; lastKnownFileType = sourcecode.c.h; path = Audio.h; sourceTree = "<group>"; };
		EB0D950A199B4E8B00FF43D4 /* Data.cpp */ = {isa = PBXFileReference; fileEncoding = 4; lastKnownFileType = sourcecode.cpp.cpp; path = Data.cpp; sourceTree = "<group>"; };
		EB0D950B199B4E8B00FF43D4 /* Data.h */ = {isa = PBXFileReference; fileEncoding = 4; lastKnownFileType = sourcecode.c.h; path = Data.h; sourceTree = "<group>"; };
		EB0D951B199B4E8B00FF43D4 /* RoutingTable.cpp */ = {isa = PBXFileReference; fileEncoding = 4; lastKnownFileType = sourcecode.cpp.cpp; path = RoutingTable.cpp; sourceTree = "<group>"; };
		EB0D951C199B4E8B00FF43D4 /* RoutingTable.h */ = {isa = PBXFileReference; fileEncoding = 4; lastKnownFileType = sourcecode.c.h; path = RoutingTable.h; sourceTree = "<group>"; };
		EB0D951F199B4E8B00FF43D4 /* Server.cpp */ = {isa = PBXFileReference; fileEncoding = 4; lastKnownFileType = sourcecode.cpp.cpp; path = Server.cpp; sourceTree = "<group>"; };
		EB0D9520199B4E8B00FF43D4 /* Server.h */ = {isa = PBXFileReference; fileEncoding = 4; lastKnownFileType = sourcecode.c.h; path = Server.h; sourceTree = "<group>"; };
		EB0D9561199B4EFD00FF43D4 /* liblo.a */ = {isa = PBXFileReference; lastKnownFileType = archive.ar; path = liblo.a; sourceTree = "<group>"; };
		EB0D9563199B4FE000FF43D4 /* AudioToolbox.framework */ = {isa = PBXFileReference; lastKnownFileType = wrapper.framework; name = AudioToolbox.framework; path = System/Library/Frameworks/AudioToolbox.framework; sourceTree = SDKROOT; };
		EB0D9565199B4FFF00FF43D4 /* AudioUnit.framework */ = {isa = PBXFileReference; lastKnownFileType = wrapper.framework; name = AudioUnit.framework; path = System/Library/Frameworks/AudioUnit.framework; sourceTree = SDKROOT; };
		EB0D9567199B507600FF43D4 /* CoreAudio.framework */ = {isa = PBXFileReference; lastKnownFileType = wrapper.framework; name = CoreAudio.framework; path = System/Library/Frameworks/CoreAudio.framework; sourceTree = SDKROOT; };
		EB4BC75D1B5E2040005EE71D /* GrinderTemplate.png */ = {isa = PBXFileReference; lastKnownFileType = image.png; path = GrinderTemplate.png; sourceTree = "<group>"; };
		EB59C2281ADB920D00255110 /* address.c */ = {isa = PBXFileReference; fileEncoding = 4; lastKnownFileType = sourcecode.c.c; path = address.c; sourceTree = "<group>"; };
		EB59C2291ADB920D00255110 /* blob.c */ = {isa = PBXFileReference; fileEncoding = 4; lastKnownFileType = sourcecode.c.c; path = blob.c; sourceTree = "<group>"; };
		EB59C22A1ADB920D00255110 /* bundle.c */ = {isa = PBXFileReference; fileEncoding = 4; lastKnownFileType = sourcecode.c.c; path = bundle.c; sourceTree = "<group>"; };
		EB59C22B1ADB920D00255110 /* config.h */ = {isa = PBXFileReference; fileEncoding = 4; lastKnownFileType = sourcecode.c.h; path = config.h; sourceTree = "<group>"; };
		EB59C22C1ADB920D00255110 /* lo_internal.h */ = {isa = PBXFileReference; fileEncoding = 4; lastKnownFileType = sourcecode.c.h; path = lo_internal.h; sourceTree = "<group>"; };
		EB59C22D1ADB920D00255110 /* lo_types_internal.h */ = {isa = PBXFileReference; fileEncoding = 4; lastKnownFileType = sourcecode.c.h; path = lo_types_internal.h; sourceTree = "<group>"; };
		EB59C22E1ADB920D00255110 /* message.c */ = {isa = PBXFileReference; fileEncoding = 4; lastKnownFileType = sourcecode.c.c; path = message.c; sourceTree = "<group>"; };
		EB59C22F1ADB920D00255110 /* method.c */ = {isa = PBXFileReference; fileEncoding = 4; lastKnownFileType = sourcecode.c.c; path = method.c; sourceTree = "<group>"; };
		EB59C2301ADB920D00255110 /* pattern_match.c */ = {isa = PBXFileReference; fileEncoding = 4; lastKnownFileType = sourcecode.c.c; path = pattern_match.c; sourceTree = "<group>"; };
		EB59C2311ADB920D00255110 /* send.c */ = {isa = PBXFileReference; fileEncoding = 4; lastKnownFileType = sourcecode.c.c; path = send.c; sourceTree = "<group>"; };
		EB59C2321ADB920D00255110 /* server.c */ = {isa = PBXFileReference; fileEncoding = 4; lastKnownFileType = sourcecode.c.c; path = server.c; sourceTree = "<group>"; };
		EB59C2331ADB920D00255110 /* server_thread.c */ = {isa = PBXFileReference; fileEncoding = 4; lastKnownFileType = sourcecode.c.c; path = server_thread.c; sourceTree = "<group>"; };
		EB59C2341ADB920D00255110 /* timetag.c */ = {isa = PBXFileReference; fileEncoding = 4; lastKnownFileType = sourcecode.c.c; path = timetag.c; sourceTree = "<group>"; };
		EB59C2361ADB920D00255110 /* lo.h */ = {isa = PBXFileReference; fileEncoding = 4; lastKnownFileType = sourcecode.c.h; path = lo.h; sourceTree = "<group>"; };
		EB59C2371ADB920D00255110 /* lo_endian.h */ = {isa = PBXFileReference; fileEncoding = 4; lastKnownFileType = sourcecode.c.h; path = lo_endian.h; sourceTree = "<group>"; };
		EB59C2381ADB920D00255110 /* lo_errors.h */ = {isa = PBXFileReference; fileEncoding = 4; lastKnownFileType = sourcecode.c.h; path = lo_errors.h; sourceTree = "<group>"; };
		EB59C2391ADB920D00255110 /* lo_internal.h */ = {isa = PBXFileReference; fileEncoding = 4; lastKnownFileType = sourcecode.c.h; path = lo_internal.h; sourceTree = "<group>"; };
		EB59C23A1ADB920D00255110 /* lo_lowlevel.h */ = {isa = PBXFileReference; fileEncoding = 4; lastKnownFileType = sourcecode.c.h; path = lo_lowlevel.h; sourceTree = "<group>"; };
		EB59C23B1ADB920D00255110 /* lo_macros.h */ = {isa = PBXFileReference; fileEncoding = 4; lastKnownFileType = sourcecode.c.h; path = lo_macros.h; sourceTree = "<group>"; };
		EB59C23C1ADB920D00255110 /* lo_osc_types.h */ = {isa = PBXFileReference; fileEncoding = 4; lastKnownFileType = sourcecode.c.h; path = lo_osc_types.h; sourceTree = "<group>"; };
		EB59C23D1ADB920D00255110 /* lo_throw.h */ = {isa = PBXFileReference; fileEncoding = 4; lastKnownFileType = sourcecode.c.h; path = lo_throw.h; sourceTree = "<group>"; };
		EB59C23E1ADB920D00255110 /* lo_types.h */ = {isa = PBXFileReference; fileEncoding = 4; lastKnownFileType = sourcecode.c.h; path = lo_types.h; sourceTree = "<group>"; };
		EB59C23F1ADB920D00255110 /* lo_types_internal.h */ = {isa = PBXFileReference; fileEncoding = 4; lastKnownFileType = sourcecode.c.h; path = lo_types_internal.h; sourceTree = "<group>"; };
		EB660FF81B626CD8001396DA /* ModuleManager.h */ = {isa = PBXFileReference; fileEncoding = 4; lastKnownFileType = sourcecode.c.h; path = ModuleManager.h; sourceTree = "<group>"; };
		EBA5BBD31B5389C600915074 /* Lowpass.cpp */ = {isa = PBXFileReference; fileEncoding = 4; lastKnownFileType = sourcecode.cpp.cpp; path = Lowpass.cpp; sourceTree = "<group>"; };
		EBA5BBD41B5389C600915074 /* Lowpass.h */ = {isa = PBXFileReference; fileEncoding = 4; lastKnownFileType = sourcecode.c.h; path = Lowpass.h; sourceTree = "<group>"; };
		EBC077561B46DB2A00818E2A /* Object.cpp */ = {isa = PBXFileReference; fileEncoding = 4; lastKnownFileType = sourcecode.cpp.cpp; path = Object.cpp; sourceTree = "<group>"; };
		EBC077571B46DB2A00818E2A /* Object.h */ = {isa = PBXFileReference; fileEncoding = 4; lastKnownFileType = sourcecode.c.h; path = Object.h; sourceTree = "<group>"; };
		EBC077591B47C36300818E2A /* SerialParser.cpp */ = {isa = PBXFileReference; fileEncoding = 4; lastKnownFileType = sourcecode.cpp.cpp; path = SerialParser.cpp; sourceTree = "<group>"; };
		EBC0775A1B47C36300818E2A /* SerialParser.h */ = {isa = PBXFileReference; fileEncoding = 4; lastKnownFileType = sourcecode.c.h; path = SerialParser.h; sourceTree = "<group>"; };
		EBD51BC01ADAAEF300AE5605 /* Module.cpp */ = {isa = PBXFileReference; fileEncoding = 4; lastKnownFileType = sourcecode.cpp.cpp; path = Module.cpp; sourceTree = "<group>"; };
		EBD51BC11ADAAEF300AE5605 /* Module.h */ = {isa = PBXFileReference; fileEncoding = 4; lastKnownFileType = sourcecode.c.h; path = Module.h; sourceTree = "<group>"; };
		EBD51BC51ADAAF6500AE5605 /* AudioSource.cpp */ = {isa = PBXFileReference; fileEncoding = 4; lastKnownFileType = sourcecode.cpp.cpp; path = AudioSource.cpp; sourceTree = "<group>"; };
		EBD51BC61ADAAF6500AE5605 /* AudioSource.h */ = {isa = PBXFileReference; fileEncoding = 4; lastKnownFileType = sourcecode.c.h; path = AudioSource.h; sourceTree = "<group>"; };
		EBD51BC71ADAAF6500AE5605 /* DAC.cpp */ = {isa = PBXFileReference; fileEncoding = 4; lastKnownFileType = sourcecode.cpp.cpp; path = DAC.cpp; sourceTree = "<group>"; };
		EBD51BC81ADAAF6500AE5605 /* DAC.h */ = {isa = PBXFileReference; fileEncoding = 4; lastKnownFileType = sourcecode.c.h; path = DAC.h; sourceTree = "<group>"; };
		EBD51BCC1ADAAFB300AE5605 /* Coordinator.cpp */ = {isa = PBXFileReference; fileEncoding = 4; lastKnownFileType = sourcecode.cpp.cpp; path = Coordinator.cpp; sourceTree = "<group>"; };
		EBD51BCD1ADAAFB300AE5605 /* Coordinator.h */ = {isa = PBXFileReference; fileEncoding = 4; lastKnownFileType = sourcecode.c.h; path = Coordinator.h; sourceTree = "<group>"; };
		EBD51BCE1ADAAFB300AE5605 /* ModuleList.cpp */ = {isa = PBXFileReference; fileEncoding = 4; lastKnownFileType = sourcecode.cpp.cpp; path = ModuleList.cpp; sourceTree = "<group>"; };
		EBD51BCF1ADAAFB300AE5605 /* ModuleList.h */ = {isa = PBXFileReference; fileEncoding = 4; lastKnownFileType = sourcecode.c.h; path = ModuleList.h; sourceTree = "<group>"; };
		EBD51BD01ADAAFB300AE5605 /* MToken.cpp */ = {isa = PBXFileReference; fileEncoding = 4; lastKnownFileType = sourcecode.cpp.cpp; path = MToken.cpp; sourceTree = "<group>"; };
		EBD51BD11ADAAFB300AE5605 /* MToken.h */ = {isa = PBXFileReference; fileEncoding = 4; lastKnownFileType = sourcecode.c.h; path = MToken.h; sourceTree = "<group>"; };
		EBD51BD51ADAB02C00AE5605 /* Volume.cpp */ = {isa = PBXFileReference; fileEncoding = 4; lastKnownFileType = sourcecode.cpp.cpp; path = Volume.cpp; sourceTree = "<group>"; };
		EBD51BD61ADAB02C00AE5605 /* Volume.h */ = {isa = PBXFileReference; fileEncoding = 4; lastKnownFileType = sourcecode.c.h; path = Volume.h; sourceTree = "<group>"; };
		EBD51BD81ADAB05500AE5605 /* Recorder.cpp */ = {isa = PBXFileReference; fileEncoding = 4; lastKnownFileType = sourcecode.cpp.cpp; path = Recorder.cpp; sourceTree = "<group>"; };
		EBD51BD91ADAB05500AE5605 /* Recorder.h */ = {isa = PBXFileReference; fileEncoding = 4; lastKnownFileType = sourcecode.c.h; path = Recorder.h; sourceTree = "<group>"; };
		EBD51BDE1ADAB93600AE5605 /* Tile.cpp */ = {isa = PBXFileReference; fileEncoding = 4; lastKnownFileType = sourcecode.cpp.cpp; path = Tile.cpp; sourceTree = "<group>"; };
		EBD51BDF1ADAB93600AE5605 /* Tile.h */ = {isa = PBXFileReference; fileEncoding = 4; lastKnownFileType = sourcecode.c.h; path = Tile.h; sourceTree = "<group>"; };
		EBD51BE11ADABA6000AE5605 /* StreamingBuffer.cpp */ = {isa = PBXFileReference; fileEncoding = 4; lastKnownFileType = sourcecode.cpp.cpp; path = StreamingBuffer.cpp; sourceTree = "<group>"; };
		EBD51BE21ADABA6000AE5605 /* StreamingBuffer.h */ = {isa = PBXFileReference; fileEncoding = 4; lastKnownFileType = sourcecode.c.h; path = StreamingBuffer.h; sourceTree = "<group>"; };
		EBD7B9021B64746F004D784E /* SawAM.cpp */ = {isa = PBXFileReference; fileEncoding = 4; lastKnownFileType = sourcecode.cpp.cpp; path = SawAM.cpp; sourceTree = "<group>"; };
		EBD7B9031B64746F004D784E /* SawAM.h */ = {isa = PBXFileReference; fileEncoding = 4; lastKnownFileType = sourcecode.c.h; path = SawAM.h; sourceTree = "<group>"; };
		EBD7B9051B647DB7004D784E /* AMSynth.cpp */ = {isa = PBXFileReference; fileEncoding = 4; lastKnownFileType = sourcecode.cpp.cpp; path = AMSynth.cpp; sourceTree = "<group>"; };
		EBD7B9061B647DB7004D784E /* AMSynth.h */ = {isa = PBXFileReference; fileEncoding = 4; lastKnownFileType = sourcecode.c.h; path = AMSynth.h; sourceTree = "<group>"; };
		EBF7D09D1AD8FE5F0086527E /* CoffeeMill.cpp */ = {isa = PBXFileReference; fileEncoding = 4; lastKnownFileType = sourcecode.cpp.cpp; path = CoffeeMill.cpp; sourceTree = "<group>"; };
		EBF7D09E1AD8FE5F0086527E /* CoffeeMill.h */ = {isa = PBXFileReference; fileEncoding = 4; lastKnownFileType = sourcecode.c.h; path = CoffeeMill.h; sourceTree = "<group>"; };
/* End PBXFileReference section */

/* Begin PBXFrameworksBuildPhase section */
		EB0D946B199B4CE600FF43D4 /* Frameworks */ = {
			isa = PBXFrameworksBuildPhase;
			buildActionMask = 2147483647;
			files = (
				EB0D9568199B507600FF43D4 /* CoreAudio.framework in Frameworks */,
				EB0D9566199B4FFF00FF43D4 /* AudioUnit.framework in Frameworks */,
				EB0D9564199B4FE000FF43D4 /* AudioToolbox.framework in Frameworks */,
				EB0D952A199B4E8B00FF43D4 /* libpm.a in Frameworks */,
				EB0D952C199B4E8B00FF43D4 /* libportsf.a in Frameworks */,
				EB0D952D199B4E8B00FF43D4 /* libpt.a in Frameworks */,
				EB0D9472199B4CE600FF43D4 /* Cocoa.framework in Frameworks */,
				EB0D952B199B4E8B00FF43D4 /* libportaudio.a in Frameworks */,
			);
			runOnlyForDeploymentPostprocessing = 0;
		};
		EB0D948C199B4CE700FF43D4 /* Frameworks */ = {
			isa = PBXFrameworksBuildPhase;
			buildActionMask = 2147483647;
			files = (
				EB0D9492199B4CE700FF43D4 /* Cocoa.framework in Frameworks */,
				EB0D9491199B4CE700FF43D4 /* XCTest.framework in Frameworks */,
			);
			runOnlyForDeploymentPostprocessing = 0;
		};
/* End PBXFrameworksBuildPhase section */

/* Begin PBXGroup section */
		EB0B60FB1B50642D004592E0 /* Core */ = {
			isa = PBXGroup;
			children = (
				EBD51BC01ADAAEF300AE5605 /* Module.cpp */,
				EBD51BC11ADAAEF300AE5605 /* Module.h */,
				EB0D9500199B4E8B00FF43D4 /* Audio.cpp */,
				EB0D9501199B4E8B00FF43D4 /* Audio.h */,
				EB0D950A199B4E8B00FF43D4 /* Data.cpp */,
				EB0D950B199B4E8B00FF43D4 /* Data.h */,
				EB0D951B199B4E8B00FF43D4 /* RoutingTable.cpp */,
				EB0D951C199B4E8B00FF43D4 /* RoutingTable.h */,
				EB0D951F199B4E8B00FF43D4 /* Server.cpp */,
				EB0D9520199B4E8B00FF43D4 /* Server.h */,
				5D7430541B4FE24E002F1C14 /* Timer.cpp */,
				5D7430551B4FE24E002F1C14 /* Timer.h */,
				EBD51BCC1ADAAFB300AE5605 /* Coordinator.cpp */,
				EBD51BCD1ADAAFB300AE5605 /* Coordinator.h */,
				EBD51BCE1ADAAFB300AE5605 /* ModuleList.cpp */,
				EBD51BCF1ADAAFB300AE5605 /* ModuleList.h */,
				EBD51BD01ADAAFB300AE5605 /* MToken.cpp */,
				EBD51BD11ADAAFB300AE5605 /* MToken.h */,
				EB660FF81B626CD8001396DA /* ModuleManager.h */,
			);
			name = Core;
			sourceTree = "<group>";
		};
		EB0B60FC1B506481004592E0 /* Services */ = {
			isa = PBXGroup;
			children = (
				EBA5BBD31B5389C600915074 /* Lowpass.cpp */,
				EBA5BBD41B5389C600915074 /* Lowpass.h */,
				EB0B60FE1B50681F004592E0 /* Delay.cpp */,
				EB0B60FF1B50681F004592E0 /* Delay.h */,
				EB0B60F81B5048FE004592E0 /* AudioMixer.cpp */,
				EB0B60F91B5048FE004592E0 /* AudioMixer.h */,
				EBD51BC51ADAAF6500AE5605 /* AudioSource.cpp */,
				EBD51BC61ADAAF6500AE5605 /* AudioSource.h */,
				EBD51BC71ADAAF6500AE5605 /* DAC.cpp */,
				EBD51BC81ADAAF6500AE5605 /* DAC.h */,
				EBF7D09D1AD8FE5F0086527E /* CoffeeMill.cpp */,
				EBF7D09E1AD8FE5F0086527E /* CoffeeMill.h */,
				5DA7D9A61AE23A0200AB68EE /* Twinkle.cpp */,
				5DA7D9A71AE23A0200AB68EE /* Twinkle.h */,
				EBC077561B46DB2A00818E2A /* Object.cpp */,
				EBC077571B46DB2A00818E2A /* Object.h */,
				EBD7B9051B647DB7004D784E /* AMSynth.cpp */,
				EBD7B9061B647DB7004D784E /* AMSynth.h */,
				EBD7B9021B64746F004D784E /* SawAM.cpp */,
				EBD7B9031B64746F004D784E /* SawAM.h */,
			);
			name = Services;
			sourceTree = "<group>";
		};
		EB0B60FD1B506506004592E0 /* Peripheral */ = {
			isa = PBXGroup;
			children = (
				5DA7E0CB1ADED83C0044E43C /* Serial.cpp */,
				5DA7E0CC1ADED83C0044E43C /* Serial.h */,
				EBC077591B47C36300818E2A /* SerialParser.cpp */,
				EBC0775A1B47C36300818E2A /* SerialParser.h */,
				5DA7E0C41ADEC3F00044E43C /* XBeeController.cpp */,
				5DA7E0C51ADEC3F00044E43C /* XBeeController.h */,
				EBD51BE11ADABA6000AE5605 /* StreamingBuffer.cpp */,
				EBD51BE21ADABA6000AE5605 /* StreamingBuffer.h */,
				EBD51BDE1ADAB93600AE5605 /* Tile.cpp */,
				EBD51BDF1ADAB93600AE5605 /* Tile.h */,
				EBD51BD81ADAB05500AE5605 /* Recorder.cpp */,
				EBD51BD91ADAB05500AE5605 /* Recorder.h */,
				EBD51BD51ADAB02C00AE5605 /* Volume.cpp */,
				EBD51BD61ADAB02C00AE5605 /* Volume.h */,
			);
			name = Peripheral;
			sourceTree = "<group>";
		};
		EB0D9465199B4CE600FF43D4 = {
			isa = PBXGroup;
			children = (
				EB0D94A5199B4E8B00FF43D4 /* include */,
				EB0D94CC199B4E8B00FF43D4 /* lib */,
				EB0D94FD199B4E8B00FF43D4 /* RTSOSC */,
				EB0D9477199B4CE600FF43D4 /* RTSOSCApp */,
				EB0D9495199B4CE700FF43D4 /* RTSOSCAppTests */,
				EB0D9470199B4CE600FF43D4 /* Frameworks */,
				EB0D946F199B4CE600FF43D4 /* Products */,
			);
			sourceTree = "<group>";
		};
		EB0D946F199B4CE600FF43D4 /* Products */ = {
			isa = PBXGroup;
			children = (
				EB0D946E199B4CE600FF43D4 /* MITAI.app */,
				EB0D948F199B4CE700FF43D4 /* MITAITests.xctest */,
			);
			name = Products;
			sourceTree = "<group>";
		};
		EB0D9470199B4CE600FF43D4 /* Frameworks */ = {
			isa = PBXGroup;
			children = (
				EB0D9567199B507600FF43D4 /* CoreAudio.framework */,
				EB0D9565199B4FFF00FF43D4 /* AudioUnit.framework */,
				EB0D9563199B4FE000FF43D4 /* AudioToolbox.framework */,
				EB0D9471199B4CE600FF43D4 /* Cocoa.framework */,
				EB0D9490199B4CE700FF43D4 /* XCTest.framework */,
				EB0D9473199B4CE600FF43D4 /* Other Frameworks */,
			);
			name = Frameworks;
			sourceTree = "<group>";
		};
		EB0D9473199B4CE600FF43D4 /* Other Frameworks */ = {
			isa = PBXGroup;
			children = (
				EB0D9474199B4CE600FF43D4 /* AppKit.framework */,
				EB0D9475199B4CE600FF43D4 /* CoreData.framework */,
				EB0D9476199B4CE600FF43D4 /* Foundation.framework */,
			);
			name = "Other Frameworks";
			sourceTree = "<group>";
		};
		EB0D9477199B4CE600FF43D4 /* RTSOSCApp */ = {
			isa = PBXGroup;
			children = (
				EB4BC75D1B5E2040005EE71D /* GrinderTemplate.png */,
				EB0D9483199B4CE600FF43D4 /* AppDelegate.h */,
				EB0D9484199B4CE600FF43D4 /* AppDelegate.mm */,
				EB0D9486199B4CE700FF43D4 /* MainMenu.xib */,
				EB0D9489199B4CE700FF43D4 /* Images.xcassets */,
				EB0D9478199B4CE600FF43D4 /* Supporting Files */,
			);
			path = RTSOSCApp;
			sourceTree = "<group>";
		};
		EB0D9478199B4CE600FF43D4 /* Supporting Files */ = {
			isa = PBXGroup;
			children = (
				EB0D9479199B4CE600FF43D4 /* MITAI-Info.plist */,
				EB0D947A199B4CE600FF43D4 /* InfoPlist.strings */,
				EB0D947D199B4CE600FF43D4 /* main.m */,
				EB0D947F199B4CE600FF43D4 /* MITAI-Prefix.pch */,
				EB0D9480199B4CE600FF43D4 /* Credits.rtf */,
			);
			name = "Supporting Files";
			sourceTree = "<group>";
		};
		EB0D9495199B4CE700FF43D4 /* RTSOSCAppTests */ = {
			isa = PBXGroup;
			children = (
				EB0D949B199B4CE700FF43D4 /* RTSOSCAppTests.m */,
				EB0D9496199B4CE700FF43D4 /* Supporting Files */,
			);
			path = RTSOSCAppTests;
			sourceTree = "<group>";
		};
		EB0D9496199B4CE700FF43D4 /* Supporting Files */ = {
			isa = PBXGroup;
			children = (
				EB0D9497199B4CE700FF43D4 /* MITAITests-Info.plist */,
				EB0D9498199B4CE700FF43D4 /* InfoPlist.strings */,
			);
			name = "Supporting Files";
			sourceTree = "<group>";
		};
		EB0D94A5199B4E8B00FF43D4 /* include */ = {
			isa = PBXGroup;
			children = (
				EB0D94B1199B4E8B00FF43D4 /* portaudio.h */,
				EB0D94B2199B4E8B00FF43D4 /* portmidi.h */,
				EB0D94B3199B4E8B00FF43D4 /* portsf.h */,
				EB0D94B4199B4E8B00FF43D4 /* porttime.h */,
			);
			path = include;
			sourceTree = "<group>";
		};
		EB0D94CC199B4E8B00FF43D4 /* lib */ = {
			isa = PBXGroup;
			children = (
				EB0D9561199B4EFD00FF43D4 /* liblo.a */,
				EB0D94CE199B4E8B00FF43D4 /* libpm.a */,
				EB0D94CF199B4E8B00FF43D4 /* libportaudio.a */,
				EB0D94D0199B4E8B00FF43D4 /* libportsf.a */,
				EB0D94D1199B4E8B00FF43D4 /* libpt.a */,
			);
			path = lib;
			sourceTree = "<group>";
		};
		EB0D94FD199B4E8B00FF43D4 /* RTSOSC */ = {
			isa = PBXGroup;
			children = (
				EB0B60FB1B50642D004592E0 /* Core */,
				EB0B60FD1B506506004592E0 /* Peripheral */,
				EB0B60FC1B506481004592E0 /* Services */,
				EB59C2271ADB920C00255110 /* liblo */,
				EB59C2351ADB920D00255110 /* lo */,
			);
			path = RTSOSC;
			sourceTree = "<group>";
		};
		EB59C2271ADB920C00255110 /* liblo */ = {
			isa = PBXGroup;
			children = (
				EB59C2281ADB920D00255110 /* address.c */,
				EB59C2291ADB920D00255110 /* blob.c */,
				EB59C22A1ADB920D00255110 /* bundle.c */,
				EB59C22B1ADB920D00255110 /* config.h */,
				EB59C22C1ADB920D00255110 /* lo_internal.h */,
				EB59C22D1ADB920D00255110 /* lo_types_internal.h */,
				EB59C22E1ADB920D00255110 /* message.c */,
				EB59C22F1ADB920D00255110 /* method.c */,
				EB59C2301ADB920D00255110 /* pattern_match.c */,
				EB59C2311ADB920D00255110 /* send.c */,
				EB59C2321ADB920D00255110 /* server.c */,
				EB59C2331ADB920D00255110 /* server_thread.c */,
				EB59C2341ADB920D00255110 /* timetag.c */,
			);
			path = liblo;
			sourceTree = "<group>";
		};
		EB59C2351ADB920D00255110 /* lo */ = {
			isa = PBXGroup;
			children = (
				EB59C2361ADB920D00255110 /* lo.h */,
				EB59C2371ADB920D00255110 /* lo_endian.h */,
				EB59C2381ADB920D00255110 /* lo_errors.h */,
				EB59C2391ADB920D00255110 /* lo_internal.h */,
				EB59C23A1ADB920D00255110 /* lo_lowlevel.h */,
				EB59C23B1ADB920D00255110 /* lo_macros.h */,
				EB59C23C1ADB920D00255110 /* lo_osc_types.h */,
				EB59C23D1ADB920D00255110 /* lo_throw.h */,
				EB59C23E1ADB920D00255110 /* lo_types.h */,
				EB59C23F1ADB920D00255110 /* lo_types_internal.h */,
			);
			path = lo;
			sourceTree = "<group>";
		};
/* End PBXGroup section */

/* Begin PBXNativeTarget section */
		EB0D946D199B4CE600FF43D4 /* MITAI */ = {
			isa = PBXNativeTarget;
			buildConfigurationList = EB0D949F199B4CE700FF43D4 /* Build configuration list for PBXNativeTarget "MITAI" */;
			buildPhases = (
				EB0D946A199B4CE600FF43D4 /* Sources */,
				EB0D946B199B4CE600FF43D4 /* Frameworks */,
				EB0D946C199B4CE600FF43D4 /* Resources */,
			);
			buildRules = (
			);
			dependencies = (
			);
			name = MITAI;
			productName = RTSOSCApp;
			productReference = EB0D946E199B4CE600FF43D4 /* MITAI.app */;
			productType = "com.apple.product-type.application";
		};
		EB0D948E199B4CE700FF43D4 /* MITAITests */ = {
			isa = PBXNativeTarget;
			buildConfigurationList = EB0D94A2199B4CE700FF43D4 /* Build configuration list for PBXNativeTarget "MITAITests" */;
			buildPhases = (
				EB0D948B199B4CE700FF43D4 /* Sources */,
				EB0D948C199B4CE700FF43D4 /* Frameworks */,
				EB0D948D199B4CE700FF43D4 /* Resources */,
			);
			buildRules = (
			);
			dependencies = (
				EB0D9494199B4CE700FF43D4 /* PBXTargetDependency */,
			);
			name = MITAITests;
			productName = RTSOSCAppTests;
			productReference = EB0D948F199B4CE700FF43D4 /* MITAITests.xctest */;
			productType = "com.apple.product-type.bundle.unit-test";
		};
/* End PBXNativeTarget section */

/* Begin PBXProject section */
		EB0D9466199B4CE600FF43D4 /* Project object */ = {
			isa = PBXProject;
			attributes = {
				LastUpgradeCheck = 0510;
				ORGANIZATIONNAME = "Musashi Nakajima";
				TargetAttributes = {
					EB0D948E199B4CE700FF43D4 = {
						TestTargetID = EB0D946D199B4CE600FF43D4;
					};
				};
			};
			buildConfigurationList = EB0D9469199B4CE600FF43D4 /* Build configuration list for PBXProject "MITAI" */;
			compatibilityVersion = "Xcode 3.2";
			developmentRegion = English;
			hasScannedForEncodings = 0;
			knownRegions = (
				en,
				Base,
			);
			mainGroup = EB0D9465199B4CE600FF43D4;
			productRefGroup = EB0D946F199B4CE600FF43D4 /* Products */;
			projectDirPath = "";
			projectRoot = "";
			targets = (
				EB0D946D199B4CE600FF43D4 /* MITAI */,
				EB0D948E199B4CE700FF43D4 /* MITAITests */,
			);
		};
/* End PBXProject section */

/* Begin PBXResourcesBuildPhase section */
		EB0D946C199B4CE600FF43D4 /* Resources */ = {
			isa = PBXResourcesBuildPhase;
			buildActionMask = 2147483647;
			files = (
				EB0D947C199B4CE600FF43D4 /* InfoPlist.strings in Resources */,
				EB0D948A199B4CE700FF43D4 /* Images.xcassets in Resources */,
				EB0D9482199B4CE600FF43D4 /* Credits.rtf in Resources */,
				EB4BC75E1B5E2040005EE71D /* GrinderTemplate.png in Resources */,
				EB0D9488199B4CE700FF43D4 /* MainMenu.xib in Resources */,
			);
			runOnlyForDeploymentPostprocessing = 0;
		};
		EB0D948D199B4CE700FF43D4 /* Resources */ = {
			isa = PBXResourcesBuildPhase;
			buildActionMask = 2147483647;
			files = (
				EB0D949A199B4CE700FF43D4 /* InfoPlist.strings in Resources */,
			);
			runOnlyForDeploymentPostprocessing = 0;
		};
/* End PBXResourcesBuildPhase section */

/* Begin PBXSourcesBuildPhase section */
		EB0D946A199B4CE600FF43D4 /* Sources */ = {
			isa = PBXSourcesBuildPhase;
			buildActionMask = 2147483647;
			files = (
				EBC0775B1B47C36300818E2A /* SerialParser.cpp in Sources */,
				EBD51BDA1ADAB05500AE5605 /* Recorder.cpp in Sources */,
				EB59C2461ADB920D00255110 /* send.c in Sources */,
				EB0D9485199B4CE600FF43D4 /* AppDelegate.mm in Sources */,
				EB59C2451ADB920D00255110 /* pattern_match.c in Sources */,
				EBD51BD31ADAAFB300AE5605 /* ModuleList.cpp in Sources */,
				EB59C2491ADB920D00255110 /* timetag.c in Sources */,
				EB0D955A199B4E8C00FF43D4 /* RoutingTable.cpp in Sources */,
				EB0B60FA1B5048FE004592E0 /* AudioMixer.cpp in Sources */,
				EB0D954C199B4E8B00FF43D4 /* Audio.cpp in Sources */,
				EBD51BCA1ADAAF6500AE5605 /* AudioSource.cpp in Sources */,
				5DA7E0C71ADEC3F00044E43C /* XBeeController.cpp in Sources */,
				5D7430561B4FE24E002F1C14 /* Timer.cpp in Sources */,
				EBD51BE01ADAB93600AE5605 /* Tile.cpp in Sources */,
				EB59C2401ADB920D00255110 /* address.c in Sources */,
				EB0B61001B50681F004592E0 /* Delay.cpp in Sources */,
				EB59C2481ADB920D00255110 /* server_thread.c in Sources */,
				EB0D955C199B4E8C00FF43D4 /* Server.cpp in Sources */,
				EBA5BBD51B5389C600915074 /* Lowpass.cpp in Sources */,
				EB0D947E199B4CE600FF43D4 /* main.m in Sources */,
				EB59C2421ADB920D00255110 /* bundle.c in Sources */,
				EBD51BC21ADAAEF300AE5605 /* Module.cpp in Sources */,
				EBF7D09F1AD8FE5F0086527E /* CoffeeMill.cpp in Sources */,
				EB0D9551199B4E8B00FF43D4 /* Data.cpp in Sources */,
				EBD51BD71ADAB02C00AE5605 /* Volume.cpp in Sources */,
				EBD51BCB1ADAAF6500AE5605 /* DAC.cpp in Sources */,
				EBD7B9071B647DB7004D784E /* AMSynth.cpp in Sources */,
				EBD51BE31ADABA6000AE5605 /* StreamingBuffer.cpp in Sources */,
				EBD51BD21ADAAFB300AE5605 /* Coordinator.cpp in Sources */,
				EBC077581B46DB2A00818E2A /* Object.cpp in Sources */,
				EBD7B9041B64746F004D784E /* SawAM.cpp in Sources */,
				EB59C2441ADB920D00255110 /* method.c in Sources */,
				EB59C2411ADB920D00255110 /* blob.c in Sources */,
				EBD51BD41ADAAFB300AE5605 /* MToken.cpp in Sources */,
				5DA7E0CD1ADED83C0044E43C /* Serial.cpp in Sources */,
				EB59C2471ADB920D00255110 /* server.c in Sources */,
				5DA7D9A81AE23A0200AB68EE /* Twinkle.cpp in Sources */,
				EB59C2431ADB920D00255110 /* message.c in Sources */,
			);
			runOnlyForDeploymentPostprocessing = 0;
		};
		EB0D948B199B4CE700FF43D4 /* Sources */ = {
			isa = PBXSourcesBuildPhase;
			buildActionMask = 2147483647;
			files = (
				EB0D949C199B4CE700FF43D4 /* RTSOSCAppTests.m in Sources */,
			);
			runOnlyForDeploymentPostprocessing = 0;
		};
/* End PBXSourcesBuildPhase section */

/* Begin PBXTargetDependency section */
		EB0D9494199B4CE700FF43D4 /* PBXTargetDependency */ = {
			isa = PBXTargetDependency;
			target = EB0D946D199B4CE600FF43D4 /* MITAI */;
			targetProxy = EB0D9493199B4CE700FF43D4 /* PBXContainerItemProxy */;
		};
/* End PBXTargetDependency section */

/* Begin PBXVariantGroup section */
		EB0D947A199B4CE600FF43D4 /* InfoPlist.strings */ = {
			isa = PBXVariantGroup;
			children = (
				EB0D947B199B4CE600FF43D4 /* en */,
			);
			name = InfoPlist.strings;
			sourceTree = "<group>";
		};
		EB0D9480199B4CE600FF43D4 /* Credits.rtf */ = {
			isa = PBXVariantGroup;
			children = (
				EB0D9481199B4CE600FF43D4 /* en */,
			);
			name = Credits.rtf;
			sourceTree = "<group>";
		};
		EB0D9486199B4CE700FF43D4 /* MainMenu.xib */ = {
			isa = PBXVariantGroup;
			children = (
				EB0D9487199B4CE700FF43D4 /* Base */,
			);
			name = MainMenu.xib;
			sourceTree = "<group>";
		};
		EB0D9498199B4CE700FF43D4 /* InfoPlist.strings */ = {
			isa = PBXVariantGroup;
			children = (
				EB0D9499199B4CE700FF43D4 /* en */,
			);
			name = InfoPlist.strings;
			sourceTree = "<group>";
		};
/* End PBXVariantGroup section */

/* Begin XCBuildConfiguration section */
		EB0D949D199B4CE700FF43D4 /* Debug */ = {
			isa = XCBuildConfiguration;
			buildSettings = {
				ALWAYS_SEARCH_USER_PATHS = NO;
				CLANG_CXX_LANGUAGE_STANDARD = "gnu++0x";
				CLANG_CXX_LIBRARY = "libc++";
				CLANG_ENABLE_MODULES = YES;
				CLANG_ENABLE_OBJC_ARC = YES;
				CLANG_WARN_BOOL_CONVERSION = YES;
				CLANG_WARN_CONSTANT_CONVERSION = YES;
				CLANG_WARN_DIRECT_OBJC_ISA_USAGE = YES_ERROR;
				CLANG_WARN_EMPTY_BODY = YES;
				CLANG_WARN_ENUM_CONVERSION = YES;
				CLANG_WARN_INT_CONVERSION = YES;
				CLANG_WARN_OBJC_ROOT_CLASS = YES_ERROR;
				CLANG_WARN__DUPLICATE_METHOD_MATCH = YES;
				COPY_PHASE_STRIP = NO;
				GCC_C_LANGUAGE_STANDARD = gnu99;
				GCC_DYNAMIC_NO_PIC = NO;
				GCC_ENABLE_OBJC_EXCEPTIONS = YES;
				GCC_OPTIMIZATION_LEVEL = 0;
				GCC_PREPROCESSOR_DEFINITIONS = (
					"DEBUG=1",
					"$(inherited)",
				);
				GCC_SYMBOLS_PRIVATE_EXTERN = NO;
				GCC_WARN_64_TO_32_BIT_CONVERSION = YES;
				GCC_WARN_ABOUT_RETURN_TYPE = YES_ERROR;
				GCC_WARN_UNDECLARED_SELECTOR = YES;
				GCC_WARN_UNINITIALIZED_AUTOS = YES_AGGRESSIVE;
				GCC_WARN_UNUSED_FUNCTION = YES;
				GCC_WARN_UNUSED_VARIABLE = YES;
				MACOSX_DEPLOYMENT_TARGET = 10.9;
				ONLY_ACTIVE_ARCH = YES;
				SDKROOT = macosx;
			};
			name = Debug;
		};
		EB0D949E199B4CE700FF43D4 /* Release */ = {
			isa = XCBuildConfiguration;
			buildSettings = {
				ALWAYS_SEARCH_USER_PATHS = NO;
				CLANG_CXX_LANGUAGE_STANDARD = "gnu++0x";
				CLANG_CXX_LIBRARY = "libc++";
				CLANG_ENABLE_MODULES = YES;
				CLANG_ENABLE_OBJC_ARC = YES;
				CLANG_WARN_BOOL_CONVERSION = YES;
				CLANG_WARN_CONSTANT_CONVERSION = YES;
				CLANG_WARN_DIRECT_OBJC_ISA_USAGE = YES_ERROR;
				CLANG_WARN_EMPTY_BODY = YES;
				CLANG_WARN_ENUM_CONVERSION = YES;
				CLANG_WARN_INT_CONVERSION = YES;
				CLANG_WARN_OBJC_ROOT_CLASS = YES_ERROR;
				CLANG_WARN__DUPLICATE_METHOD_MATCH = YES;
				COPY_PHASE_STRIP = YES;
				DEBUG_INFORMATION_FORMAT = "dwarf-with-dsym";
				ENABLE_NS_ASSERTIONS = NO;
				GCC_C_LANGUAGE_STANDARD = gnu99;
				GCC_ENABLE_OBJC_EXCEPTIONS = YES;
				GCC_WARN_64_TO_32_BIT_CONVERSION = YES;
				GCC_WARN_ABOUT_RETURN_TYPE = YES_ERROR;
				GCC_WARN_UNDECLARED_SELECTOR = YES;
				GCC_WARN_UNINITIALIZED_AUTOS = YES_AGGRESSIVE;
				GCC_WARN_UNUSED_FUNCTION = YES;
				GCC_WARN_UNUSED_VARIABLE = YES;
				MACOSX_DEPLOYMENT_TARGET = 10.9;
				SDKROOT = macosx;
			};
			name = Release;
		};
		EB0D94A0199B4CE700FF43D4 /* Debug */ = {
			isa = XCBuildConfiguration;
			buildSettings = {
				ASSETCATALOG_COMPILER_APPICON_NAME = AppIcon;
				COMBINE_HIDPI_IMAGES = YES;
				GCC_PRECOMPILE_PREFIX_HEADER = YES;
				GCC_PREFIX_HEADER = "RTSOSCApp/MITAI-Prefix.pch";
				GCC_PREPROCESSOR_DEFINITIONS = HAVE_POLL;
				INFOPLIST_FILE = "RTSOSCApp/MITAI-Info.plist";
				LIBRARY_SEARCH_PATHS = (
					"$(inherited)",
					"$(PROJECT_DIR)/lib",
				);
				PRODUCT_NAME = MITAI;
				WRAPPER_EXTENSION = app;
			};
			name = Debug;
		};
		EB0D94A1199B4CE700FF43D4 /* Release */ = {
			isa = XCBuildConfiguration;
			buildSettings = {
				ASSETCATALOG_COMPILER_APPICON_NAME = AppIcon;
				COMBINE_HIDPI_IMAGES = YES;
				GCC_PRECOMPILE_PREFIX_HEADER = YES;
				GCC_PREFIX_HEADER = "RTSOSCApp/MITAI-Prefix.pch";
				GCC_PREPROCESSOR_DEFINITIONS = HAVE_POLL;
				INFOPLIST_FILE = "RTSOSCApp/MITAI-Info.plist";
				LIBRARY_SEARCH_PATHS = (
					"$(inherited)",
					"$(PROJECT_DIR)/lib",
				);
				PRODUCT_NAME = MITAI;
				WRAPPER_EXTENSION = app;
			};
			name = Release;
		};
		EB0D94A3199B4CE700FF43D4 /* Debug */ = {
			isa = XCBuildConfiguration;
			buildSettings = {
				BUNDLE_LOADER = "$(BUILT_PRODUCTS_DIR)/RTSOSCApp.app/Contents/MacOS/RTSOSCApp";
				COMBINE_HIDPI_IMAGES = YES;
				FRAMEWORK_SEARCH_PATHS = (
					"$(DEVELOPER_FRAMEWORKS_DIR)",
					"$(inherited)",
				);
				GCC_PRECOMPILE_PREFIX_HEADER = YES;
				GCC_PREFIX_HEADER = "RTSOSCApp/RTSOSCApp-Prefix.pch";
				GCC_PREPROCESSOR_DEFINITIONS = (
					"DEBUG=1",
					"$(inherited)",
				);
				INFOPLIST_FILE = "RTSOSCAppTests/MITAITests-Info.plist";
				PRODUCT_NAME = MITAITests;
				TEST_HOST = "$(BUNDLE_LOADER)";
				WRAPPER_EXTENSION = xctest;
			};
			name = Debug;
		};
		EB0D94A4199B4CE700FF43D4 /* Release */ = {
			isa = XCBuildConfiguration;
			buildSettings = {
				BUNDLE_LOADER = "$(BUILT_PRODUCTS_DIR)/RTSOSCApp.app/Contents/MacOS/RTSOSCApp";
				COMBINE_HIDPI_IMAGES = YES;
				FRAMEWORK_SEARCH_PATHS = (
					"$(DEVELOPER_FRAMEWORKS_DIR)",
					"$(inherited)",
				);
				GCC_PRECOMPILE_PREFIX_HEADER = YES;
				GCC_PREFIX_HEADER = "RTSOSCApp/RTSOSCApp-Prefix.pch";
				INFOPLIST_FILE = "RTSOSCAppTests/MITAITests-Info.plist";
				PRODUCT_NAME = MITAITests;
				TEST_HOST = "$(BUNDLE_LOADER)";
				WRAPPER_EXTENSION = xctest;
			};
			name = Release;
		};
/* End XCBuildConfiguration section */

/* Begin XCConfigurationList section */
		EB0D9469199B4CE600FF43D4 /* Build configuration list for PBXProject "MITAI" */ = {
			isa = XCConfigurationList;
			buildConfigurations = (
				EB0D949D199B4CE700FF43D4 /* Debug */,
				EB0D949E199B4CE700FF43D4 /* Release */,
			);
			defaultConfigurationIsVisible = 0;
			defaultConfigurationName = Release;
		};
		EB0D949F199B4CE700FF43D4 /* Build configuration list for PBXNativeTarget "MITAI" */ = {
			isa = XCConfigurationList;
			buildConfigurations = (
				EB0D94A0199B4CE700FF43D4 /* Debug */,
				EB0D94A1199B4CE700FF43D4 /* Release */,
			);
			defaultConfigurationIsVisible = 0;
			defaultConfigurationName = Release;
		};
		EB0D94A2199B4CE700FF43D4 /* Build configuration list for PBXNativeTarget "MITAITests" */ = {
			isa = XCConfigurationList;
			buildConfigurations = (
				EB0D94A3199B4CE700FF43D4 /* Debug */,
				EB0D94A4199B4CE700FF43D4 /* Release */,
			);
			defaultConfigurationIsVisible = 0;
			defaultConfigurationName = Release;
		};
/* End XCConfigurationList section */
	};
	rootObject = EB0D9466199B4CE600FF43D4 /* Project object */;
}
