// !$*UTF8*$!
{
	archiveVersion = 1;
	classes = {
	};
	objectVersion = 46;
	objects = {

/* Begin PBXBuildFile section */
		EB0D9472199B4CE600FF43D4 /* Cocoa.framework in Frameworks */ = {isa = PBXBuildFile; fileRef = EB0D9471199B4CE600FF43D4 /* Cocoa.framework */; };
		EB0D947C199B4CE600FF43D4 /* InfoPlist.strings in Resources */ = {isa = PBXBuildFile; fileRef = EB0D947A199B4CE600FF43D4 /* InfoPlist.strings */; };
		EB0D947E199B4CE600FF43D4 /* main.m in Sources */ = {isa = PBXBuildFile; fileRef = EB0D947D199B4CE600FF43D4 /* main.m */; };
		EB0D9482199B4CE600FF43D4 /* Credits.rtf in Resources */ = {isa = PBXBuildFile; fileRef = EB0D9480199B4CE600FF43D4 /* Credits.rtf */; };
		EB0D9485199B4CE600FF43D4 /* AppDelegate.mm in Sources */ = {isa = PBXBuildFile; fileRef = EB0D9484199B4CE600FF43D4 /* AppDelegate.mm */; };
		EB0D9488199B4CE700FF43D4 /* MainMenu.xib in Resources */ = {isa = PBXBuildFile; fileRef = EB0D9486199B4CE700FF43D4 /* MainMenu.xib */; };
		EB0D948A199B4CE700FF43D4 /* Images.xcassets in Resources */ = {isa = PBXBuildFile; fileRef = EB0D9489199B4CE700FF43D4 /* Images.xcassets */; };
		EB0D9491199B4CE700FF43D4 /* XCTest.framework in Frameworks */ = {isa = PBXBuildFile; fileRef = EB0D9490199B4CE700FF43D4 /* XCTest.framework */; };
		EB0D9492199B4CE700FF43D4 /* Cocoa.framework in Frameworks */ = {isa = PBXBuildFile; fileRef = EB0D9471199B4CE600FF43D4 /* Cocoa.framework */; };
		EB0D949A199B4CE700FF43D4 /* InfoPlist.strings in Resources */ = {isa = PBXBuildFile; fileRef = EB0D9498199B4CE700FF43D4 /* InfoPlist.strings */; };
		EB0D949C199B4CE700FF43D4 /* RTSOSCAppTests.m in Sources */ = {isa = PBXBuildFile; fileRef = EB0D949B199B4CE700FF43D4 /* RTSOSCAppTests.m */; };
		EB0D952A199B4E8B00FF43D4 /* libpm.a in Frameworks */ = {isa = PBXBuildFile; fileRef = EB0D94CE199B4E8B00FF43D4 /* libpm.a */; };
		EB0D952B199B4E8B00FF43D4 /* libportaudio.a in Frameworks */ = {isa = PBXBuildFile; fileRef = EB0D94CF199B4E8B00FF43D4 /* libportaudio.a */; };
		EB0D952C199B4E8B00FF43D4 /* libportsf.a in Frameworks */ = {isa = PBXBuildFile; fileRef = EB0D94D0199B4E8B00FF43D4 /* libportsf.a */; };
		EB0D952D199B4E8B00FF43D4 /* libpt.a in Frameworks */ = {isa = PBXBuildFile; fileRef = EB0D94D1199B4E8B00FF43D4 /* libpt.a */; };
		EB0D9564199B4FE000FF43D4 /* AudioToolbox.framework in Frameworks */ = {isa = PBXBuildFile; fileRef = EB0D9563199B4FE000FF43D4 /* AudioToolbox.framework */; };
		EB0D9566199B4FFF00FF43D4 /* AudioUnit.framework in Frameworks */ = {isa = PBXBuildFile; fileRef = EB0D9565199B4FFF00FF43D4 /* AudioUnit.framework */; };
		EB0D9568199B507600FF43D4 /* CoreAudio.framework in Frameworks */ = {isa = PBXBuildFile; fileRef = EB0D9567199B507600FF43D4 /* CoreAudio.framework */; };
		EB4BC75E1B5E2040005EE71D /* GrinderTemplate.png in Resources */ = {isa = PBXBuildFile; fileRef = EB4BC75D1B5E2040005EE71D /* GrinderTemplate.png */; };
		EB6843491BA5746000523C9B /* address.c in Sources */ = {isa = PBXBuildFile; fileRef = EB6843341BA5746000523C9B /* address.c */; };
		EB68434A1BA5746000523C9B /* blob.c in Sources */ = {isa = PBXBuildFile; fileRef = EB6843351BA5746000523C9B /* blob.c */; };
		EB68434B1BA5746000523C9B /* bundle.c in Sources */ = {isa = PBXBuildFile; fileRef = EB6843361BA5746000523C9B /* bundle.c */; };
		EB68434C1BA5746000523C9B /* message.c in Sources */ = {isa = PBXBuildFile; fileRef = EB6843421BA5746000523C9B /* message.c */; };
		EB68434D1BA5746000523C9B /* method.c in Sources */ = {isa = PBXBuildFile; fileRef = EB6843431BA5746000523C9B /* method.c */; };
		EB68434E1BA5746000523C9B /* pattern_match.c in Sources */ = {isa = PBXBuildFile; fileRef = EB6843441BA5746000523C9B /* pattern_match.c */; };
		EB68434F1BA5746000523C9B /* send.c in Sources */ = {isa = PBXBuildFile; fileRef = EB6843451BA5746000523C9B /* send.c */; };
		EB6843501BA5746000523C9B /* server.c in Sources */ = {isa = PBXBuildFile; fileRef = EB6843461BA5746000523C9B /* server.c */; };
		EB6843511BA5746000523C9B /* server_thread.c in Sources */ = {isa = PBXBuildFile; fileRef = EB6843471BA5746000523C9B /* server_thread.c */; };
		EB6843521BA5746000523C9B /* timetag.c in Sources */ = {isa = PBXBuildFile; fileRef = EB6843481BA5746000523C9B /* timetag.c */; };
		EB6843761BA5826D00523C9B /* A.wav in Resources */ = {isa = PBXBuildFile; fileRef = EB6843751BA5826D00523C9B /* A.wav */; };
		EB80AC611BA7C67B0063AA63 /* SimpleHash.c in Sources */ = {isa = PBXBuildFile; fileRef = EB80AC601BA7C67A0063AA63 /* SimpleHash.c */; };
		EBABAEC81BA2BE560072C2C4 /* D.wav in Resources */ = {isa = PBXBuildFile; fileRef = EBABAEC01BA2BE550072C2C4 /* D.wav */; };
		EBABAEC91BA2BE560072C2C4 /* Disny.wav in Resources */ = {isa = PBXBuildFile; fileRef = EBABAEC11BA2BE550072C2C4 /* Disny.wav */; };
		EBABAECA1BA2BE560072C2C4 /* Furin.wav in Resources */ = {isa = PBXBuildFile; fileRef = EBABAEC21BA2BE550072C2C4 /* Furin.wav */; };
		EBABAECB1BA2BE560072C2C4 /* Coffeegrinder.png in Resources */ = {isa = PBXBuildFile; fileRef = EBABAEC41BA2BE550072C2C4 /* Coffeegrinder.png */; };
		EBABAECC1BA2BE560072C2C4 /* Drawer.png in Resources */ = {isa = PBXBuildFile; fileRef = EBABAEC51BA2BE550072C2C4 /* Drawer.png */; };
		EBABAECD1BA2BE560072C2C4 /* Fan.png in Resources */ = {isa = PBXBuildFile; fileRef = EBABAEC61BA2BE550072C2C4 /* Fan.png */; };
		EBABAECE1BA2BE560072C2C4 /* Speaker.png in Resources */ = {isa = PBXBuildFile; fileRef = EBABAEC71BA2BE550072C2C4 /* Speaker.png */; };
		EBCD4A3B1BA019E4004A2EB4 /* Coordinator.cpp in Sources */ = {isa = PBXBuildFile; fileRef = EBCD4A051BA019E4004A2EB4 /* Coordinator.cpp */; };
		EBCD4A3D1BA019E4004A2EB4 /* Module.cpp in Sources */ = {isa = PBXBuildFile; fileRef = EBCD4A091BA019E4004A2EB4 /* Module.cpp */; };
		EBCD4A3E1BA019E4004A2EB4 /* ModuleList.cpp in Sources */ = {isa = PBXBuildFile; fileRef = EBCD4A0B1BA019E4004A2EB4 /* ModuleList.cpp */; };
		EBCD4A3F1BA019E4004A2EB4 /* MToken.cpp in Sources */ = {isa = PBXBuildFile; fileRef = EBCD4A0E1BA019E4004A2EB4 /* MToken.cpp */; };
		EBCD4A401BA019E4004A2EB4 /* RoutingTable.cpp in Sources */ = {isa = PBXBuildFile; fileRef = EBCD4A101BA019E4004A2EB4 /* RoutingTable.cpp */; };
		EBCD4A411BA019E4004A2EB4 /* Server.cpp in Sources */ = {isa = PBXBuildFile; fileRef = EBCD4A121BA019E4004A2EB4 /* Server.cpp */; };
		EBCD4A421BA019E4004A2EB4 /* Timer.cpp in Sources */ = {isa = PBXBuildFile; fileRef = EBCD4A141BA019E4004A2EB4 /* Timer.cpp */; };
		EBCD4A431BA019E4004A2EB4 /* Recorder.cpp in Sources */ = {isa = PBXBuildFile; fileRef = EBCD4A171BA019E4004A2EB4 /* Recorder.cpp */; };
		EBCD4A441BA019E4004A2EB4 /* Serial.cpp in Sources */ = {isa = PBXBuildFile; fileRef = EBCD4A191BA019E4004A2EB4 /* Serial.cpp */; };
		EBCD4A451BA019E4004A2EB4 /* SerialParser.cpp in Sources */ = {isa = PBXBuildFile; fileRef = EBCD4A1B1BA019E4004A2EB4 /* SerialParser.cpp */; };
		EBCD4A461BA019E4004A2EB4 /* StreamingBuffer.cpp in Sources */ = {isa = PBXBuildFile; fileRef = EBCD4A1D1BA019E4004A2EB4 /* StreamingBuffer.cpp */; };
		EBCD4A481BA019E4004A2EB4 /* Volume.cpp in Sources */ = {isa = PBXBuildFile; fileRef = EBCD4A211BA019E4004A2EB4 /* Volume.cpp */; };
		EBCD4A491BA019E4004A2EB4 /* XBeeController.cpp in Sources */ = {isa = PBXBuildFile; fileRef = EBCD4A231BA019E4004A2EB4 /* XBeeController.cpp */; };
		EBCD4A4A1BA019E4004A2EB4 /* AMSynth.cpp in Sources */ = {isa = PBXBuildFile; fileRef = EBCD4A261BA019E4004A2EB4 /* AMSynth.cpp */; };
		EBCD4A4B1BA019E4004A2EB4 /* AudioMixer.cpp in Sources */ = {isa = PBXBuildFile; fileRef = EBCD4A281BA019E4004A2EB4 /* AudioMixer.cpp */; };
		EBCD4A4C1BA019E4004A2EB4 /* AudioSource.cpp in Sources */ = {isa = PBXBuildFile; fileRef = EBCD4A2A1BA019E4004A2EB4 /* AudioSource.cpp */; };
		EBCD4A4D1BA019E4004A2EB4 /* CoffeeMill.cpp in Sources */ = {isa = PBXBuildFile; fileRef = EBCD4A2C1BA019E4004A2EB4 /* CoffeeMill.cpp */; };
		EBCD4A4E1BA019E4004A2EB4 /* DAC.cpp in Sources */ = {isa = PBXBuildFile; fileRef = EBCD4A2E1BA019E4004A2EB4 /* DAC.cpp */; };
		EBCD4A4F1BA019E4004A2EB4 /* Delay.cpp in Sources */ = {isa = PBXBuildFile; fileRef = EBCD4A301BA019E4004A2EB4 /* Delay.cpp */; };
		EBCD4A501BA019E4004A2EB4 /* Lowpass.cpp in Sources */ = {isa = PBXBuildFile; fileRef = EBCD4A321BA019E4004A2EB4 /* Lowpass.cpp */; };
		EBCD4A511BA019E4004A2EB4 /* Object.cpp in Sources */ = {isa = PBXBuildFile; fileRef = EBCD4A341BA019E4004A2EB4 /* Object.cpp */; };
		EBCD4A521BA019E4004A2EB4 /* SawAM.cpp in Sources */ = {isa = PBXBuildFile; fileRef = EBCD4A361BA019E4004A2EB4 /* SawAM.cpp */; };
		EBCD4A531BA019E4004A2EB4 /* Twinkle.cpp in Sources */ = {isa = PBXBuildFile; fileRef = EBCD4A381BA019E4004A2EB4 /* Twinkle.cpp */; };
		EBCD4A981BA01E0C004A2EB4 /* ptmacosx_cf.c in Sources */ = {isa = PBXBuildFile; fileRef = EBCD4A971BA01E0C004A2EB4 /* ptmacosx_cf.c */; };
		EBF9AB2E1BA315EF003FAF0D /* CMMini.png in Resources */ = {isa = PBXBuildFile; fileRef = EBF9AB2D1BA315EF003FAF0D /* CMMini.png */; };
/* End PBXBuildFile section */

/* Begin PBXContainerItemProxy section */
		EB0D9493199B4CE700FF43D4 /* PBXContainerItemProxy */ = {
			isa = PBXContainerItemProxy;
			containerPortal = EB0D9466199B4CE600FF43D4 /* Project object */;
			proxyType = 1;
			remoteGlobalIDString = EB0D946D199B4CE600FF43D4;
			remoteInfo = RTSOSCApp;
		};
/* End PBXContainerItemProxy section */

/* Begin PBXFileReference section */
		EB0D946E199B4CE600FF43D4 /* MITAI.app */ = {isa = PBXFileReference; explicitFileType = wrapper.application; includeInIndex = 0; path = MITAI.app; sourceTree = BUILT_PRODUCTS_DIR; };
		EB0D9471199B4CE600FF43D4 /* Cocoa.framework */ = {isa = PBXFileReference; lastKnownFileType = wrapper.framework; name = Cocoa.framework; path = System/Library/Frameworks/Cocoa.framework; sourceTree = SDKROOT; };
		EB0D9474199B4CE600FF43D4 /* AppKit.framework */ = {isa = PBXFileReference; lastKnownFileType = wrapper.framework; name = AppKit.framework; path = System/Library/Frameworks/AppKit.framework; sourceTree = SDKROOT; };
		EB0D9475199B4CE600FF43D4 /* CoreData.framework */ = {isa = PBXFileReference; lastKnownFileType = wrapper.framework; name = CoreData.framework; path = System/Library/Frameworks/CoreData.framework; sourceTree = SDKROOT; };
		EB0D9476199B4CE600FF43D4 /* Foundation.framework */ = {isa = PBXFileReference; lastKnownFileType = wrapper.framework; name = Foundation.framework; path = System/Library/Frameworks/Foundation.framework; sourceTree = SDKROOT; };
		EB0D9479199B4CE600FF43D4 /* MITAI-Info.plist */ = {isa = PBXFileReference; lastKnownFileType = text.plist.xml; path = "MITAI-Info.plist"; sourceTree = "<group>"; };
		EB0D947B199B4CE600FF43D4 /* en */ = {isa = PBXFileReference; lastKnownFileType = text.plist.strings; name = en; path = en.lproj/InfoPlist.strings; sourceTree = "<group>"; };
		EB0D947D199B4CE600FF43D4 /* main.m */ = {isa = PBXFileReference; lastKnownFileType = sourcecode.c.objc; path = main.m; sourceTree = "<group>"; };
		EB0D947F199B4CE600FF43D4 /* MITAI-Prefix.pch */ = {isa = PBXFileReference; lastKnownFileType = sourcecode.c.h; path = "MITAI-Prefix.pch"; sourceTree = "<group>"; };
		EB0D9481199B4CE600FF43D4 /* en */ = {isa = PBXFileReference; lastKnownFileType = text.rtf; name = en; path = en.lproj/Credits.rtf; sourceTree = "<group>"; };
		EB0D9483199B4CE600FF43D4 /* AppDelegate.h */ = {isa = PBXFileReference; lastKnownFileType = sourcecode.c.h; path = AppDelegate.h; sourceTree = "<group>"; };
		EB0D9484199B4CE600FF43D4 /* AppDelegate.mm */ = {isa = PBXFileReference; lastKnownFileType = sourcecode.cpp.objcpp; path = AppDelegate.mm; sourceTree = "<group>"; };
		EB0D9487199B4CE700FF43D4 /* Base */ = {isa = PBXFileReference; lastKnownFileType = file.xib; name = Base; path = Base.lproj/MainMenu.xib; sourceTree = "<group>"; };
		EB0D9489199B4CE700FF43D4 /* Images.xcassets */ = {isa = PBXFileReference; lastKnownFileType = folder.assetcatalog; path = Images.xcassets; sourceTree = "<group>"; };
		EB0D948F199B4CE700FF43D4 /* MITAITests.xctest */ = {isa = PBXFileReference; explicitFileType = wrapper.cfbundle; includeInIndex = 0; path = MITAITests.xctest; sourceTree = BUILT_PRODUCTS_DIR; };
		EB0D9490199B4CE700FF43D4 /* XCTest.framework */ = {isa = PBXFileReference; lastKnownFileType = wrapper.framework; name = XCTest.framework; path = Library/Frameworks/XCTest.framework; sourceTree = DEVELOPER_DIR; };
		EB0D9497199B4CE700FF43D4 /* MITAITests-Info.plist */ = {isa = PBXFileReference; lastKnownFileType = text.plist.xml; path = "MITAITests-Info.plist"; sourceTree = "<group>"; };
		EB0D9499199B4CE700FF43D4 /* en */ = {isa = PBXFileReference; lastKnownFileType = text.plist.strings; name = en; path = en.lproj/InfoPlist.strings; sourceTree = "<group>"; };
		EB0D949B199B4CE700FF43D4 /* RTSOSCAppTests.m */ = {isa = PBXFileReference; lastKnownFileType = sourcecode.c.objc; path = RTSOSCAppTests.m; sourceTree = "<group>"; };
		EB0D94B1199B4E8B00FF43D4 /* portaudio.h */ = {isa = PBXFileReference; fileEncoding = 4; lastKnownFileType = sourcecode.c.h; path = portaudio.h; sourceTree = "<group>"; };
		EB0D94B2199B4E8B00FF43D4 /* portmidi.h */ = {isa = PBXFileReference; fileEncoding = 4; lastKnownFileType = sourcecode.c.h; path = portmidi.h; sourceTree = "<group>"; };
		EB0D94B3199B4E8B00FF43D4 /* portsf.h */ = {isa = PBXFileReference; fileEncoding = 4; lastKnownFileType = sourcecode.c.h; path = portsf.h; sourceTree = "<group>"; };
		EB0D94CE199B4E8B00FF43D4 /* libpm.a */ = {isa = PBXFileReference; lastKnownFileType = archive.ar; path = libpm.a; sourceTree = "<group>"; };
		EB0D94CF199B4E8B00FF43D4 /* libportaudio.a */ = {isa = PBXFileReference; lastKnownFileType = archive.ar; path = libportaudio.a; sourceTree = "<group>"; };
		EB0D94D0199B4E8B00FF43D4 /* libportsf.a */ = {isa = PBXFileReference; lastKnownFileType = archive.ar; path = libportsf.a; sourceTree = "<group>"; };
		EB0D94D1199B4E8B00FF43D4 /* libpt.a */ = {isa = PBXFileReference; lastKnownFileType = archive.ar; path = libpt.a; sourceTree = "<group>"; };
		EB0D9561199B4EFD00FF43D4 /* liblo.a */ = {isa = PBXFileReference; lastKnownFileType = archive.ar; path = liblo.a; sourceTree = "<group>"; };
		EB0D9563199B4FE000FF43D4 /* AudioToolbox.framework */ = {isa = PBXFileReference; lastKnownFileType = wrapper.framework; name = AudioToolbox.framework; path = System/Library/Frameworks/AudioToolbox.framework; sourceTree = SDKROOT; };
		EB0D9565199B4FFF00FF43D4 /* AudioUnit.framework */ = {isa = PBXFileReference; lastKnownFileType = wrapper.framework; name = AudioUnit.framework; path = System/Library/Frameworks/AudioUnit.framework; sourceTree = SDKROOT; };
		EB0D9567199B507600FF43D4 /* CoreAudio.framework */ = {isa = PBXFileReference; lastKnownFileType = wrapper.framework; name = CoreAudio.framework; path = System/Library/Frameworks/CoreAudio.framework; sourceTree = SDKROOT; };
		EB4BC75D1B5E2040005EE71D /* GrinderTemplate.png */ = {isa = PBXFileReference; lastKnownFileType = image.png; path = GrinderTemplate.png; sourceTree = "<group>"; };
		EB6843341BA5746000523C9B /* address.c */ = {isa = PBXFileReference; fileEncoding = 4; lastKnownFileType = sourcecode.c.c; path = address.c; sourceTree = "<group>"; };
		EB6843351BA5746000523C9B /* blob.c */ = {isa = PBXFileReference; fileEncoding = 4; lastKnownFileType = sourcecode.c.c; path = blob.c; sourceTree = "<group>"; };
		EB6843361BA5746000523C9B /* bundle.c */ = {isa = PBXFileReference; fileEncoding = 4; lastKnownFileType = sourcecode.c.c; path = bundle.c; sourceTree = "<group>"; };
		EB6843371BA5746000523C9B /* lo.h */ = {isa = PBXFileReference; fileEncoding = 4; lastKnownFileType = sourcecode.c.h; path = lo.h; sourceTree = "<group>"; };
		EB6843381BA5746000523C9B /* lo_endian.h */ = {isa = PBXFileReference; fileEncoding = 4; lastKnownFileType = sourcecode.c.h; path = lo_endian.h; sourceTree = "<group>"; };
		EB6843391BA5746000523C9B /* lo_errors.h */ = {isa = PBXFileReference; fileEncoding = 4; lastKnownFileType = sourcecode.c.h; path = lo_errors.h; sourceTree = "<group>"; };
		EB68433A1BA5746000523C9B /* lo_internal.h */ = {isa = PBXFileReference; fileEncoding = 4; lastKnownFileType = sourcecode.c.h; path = lo_internal.h; sourceTree = "<group>"; };
		EB68433B1BA5746000523C9B /* lo_lowlevel.h */ = {isa = PBXFileReference; fileEncoding = 4; lastKnownFileType = sourcecode.c.h; path = lo_lowlevel.h; sourceTree = "<group>"; };
		EB68433C1BA5746000523C9B /* lo_macros.h */ = {isa = PBXFileReference; fileEncoding = 4; lastKnownFileType = sourcecode.c.h; path = lo_macros.h; sourceTree = "<group>"; };
		EB68433D1BA5746000523C9B /* lo_osc_types.h */ = {isa = PBXFileReference; fileEncoding = 4; lastKnownFileType = sourcecode.c.h; path = lo_osc_types.h; sourceTree = "<group>"; };
		EB68433E1BA5746000523C9B /* lo_serverthread.h */ = {isa = PBXFileReference; fileEncoding = 4; lastKnownFileType = sourcecode.c.h; path = lo_serverthread.h; sourceTree = "<group>"; };
		EB68433F1BA5746000523C9B /* lo_throw.h */ = {isa = PBXFileReference; fileEncoding = 4; lastKnownFileType = sourcecode.c.h; path = lo_throw.h; sourceTree = "<group>"; };
		EB6843401BA5746000523C9B /* lo_types.h */ = {isa = PBXFileReference; fileEncoding = 4; lastKnownFileType = sourcecode.c.h; path = lo_types.h; sourceTree = "<group>"; };
		EB6843411BA5746000523C9B /* lo_types_internal.h */ = {isa = PBXFileReference; fileEncoding = 4; lastKnownFileType = sourcecode.c.h; path = lo_types_internal.h; sourceTree = "<group>"; };
		EB6843421BA5746000523C9B /* message.c */ = {isa = PBXFileReference; fileEncoding = 4; lastKnownFileType = sourcecode.c.c; path = message.c; sourceTree = "<group>"; };
		EB6843431BA5746000523C9B /* method.c */ = {isa = PBXFileReference; fileEncoding = 4; lastKnownFileType = sourcecode.c.c; path = method.c; sourceTree = "<group>"; };
		EB6843441BA5746000523C9B /* pattern_match.c */ = {isa = PBXFileReference; fileEncoding = 4; lastKnownFileType = sourcecode.c.c; path = pattern_match.c; sourceTree = "<group>"; };
		EB6843451BA5746000523C9B /* send.c */ = {isa = PBXFileReference; fileEncoding = 4; lastKnownFileType = sourcecode.c.c; path = send.c; sourceTree = "<group>"; };
		EB6843461BA5746000523C9B /* server.c */ = {isa = PBXFileReference; fileEncoding = 4; lastKnownFileType = sourcecode.c.c; path = server.c; sourceTree = "<group>"; };
		EB6843471BA5746000523C9B /* server_thread.c */ = {isa = PBXFileReference; fileEncoding = 4; lastKnownFileType = sourcecode.c.c; path = server_thread.c; sourceTree = "<group>"; };
		EB6843481BA5746000523C9B /* timetag.c */ = {isa = PBXFileReference; fileEncoding = 4; lastKnownFileType = sourcecode.c.c; path = timetag.c; sourceTree = "<group>"; };
		EB6843531BA576F100523C9B /* config.h */ = {isa = PBXFileReference; fileEncoding = 4; lastKnownFileType = sourcecode.c.h; path = config.h; sourceTree = "<group>"; };
		EB6843751BA5826D00523C9B /* A.wav */ = {isa = PBXFileReference; lastKnownFileType = audio.wav; path = A.wav; sourceTree = "<group>"; };
		EB80AC5F1BA7C32B0063AA63 /* SimpleHash.h */ = {isa = PBXFileReference; lastKnownFileType = sourcecode.c.h; path = SimpleHash.h; sourceTree = "<group>"; };
		EB80AC601BA7C67A0063AA63 /* SimpleHash.c */ = {isa = PBXFileReference; fileEncoding = 4; lastKnownFileType = sourcecode.c.c; path = SimpleHash.c; sourceTree = "<group>"; };
		EBABAEC01BA2BE550072C2C4 /* D.wav */ = {isa = PBXFileReference; lastKnownFileType = audio.wav; path = D.wav; sourceTree = "<group>"; };
		EBABAEC11BA2BE550072C2C4 /* Disny.wav */ = {isa = PBXFileReference; lastKnownFileType = audio.wav; path = Disny.wav; sourceTree = "<group>"; };
		EBABAEC21BA2BE550072C2C4 /* Furin.wav */ = {isa = PBXFileReference; lastKnownFileType = audio.wav; path = Furin.wav; sourceTree = "<group>"; };
		EBABAEC41BA2BE550072C2C4 /* Coffeegrinder.png */ = {isa = PBXFileReference; lastKnownFileType = image.png; path = Coffeegrinder.png; sourceTree = "<group>"; };
		EBABAEC51BA2BE550072C2C4 /* Drawer.png */ = {isa = PBXFileReference; lastKnownFileType = image.png; path = Drawer.png; sourceTree = "<group>"; };
		EBABAEC61BA2BE550072C2C4 /* Fan.png */ = {isa = PBXFileReference; lastKnownFileType = image.png; path = Fan.png; sourceTree = "<group>"; };
		EBABAEC71BA2BE550072C2C4 /* Speaker.png */ = {isa = PBXFileReference; lastKnownFileType = image.png; path = Speaker.png; sourceTree = "<group>"; };
		EBCD4A051BA019E4004A2EB4 /* Coordinator.cpp */ = {isa = PBXFileReference; fileEncoding = 4; lastKnownFileType = sourcecode.cpp.cpp; path = Coordinator.cpp; sourceTree = "<group>"; };
		EBCD4A061BA019E4004A2EB4 /* Coordinator.h */ = {isa = PBXFileReference; fileEncoding = 4; lastKnownFileType = sourcecode.c.h; path = Coordinator.h; sourceTree = "<group>"; };
		EBCD4A091BA019E4004A2EB4 /* Module.cpp */ = {isa = PBXFileReference; fileEncoding = 4; lastKnownFileType = sourcecode.cpp.cpp; path = Module.cpp; sourceTree = "<group>"; };
		EBCD4A0A1BA019E4004A2EB4 /* Module.h */ = {isa = PBXFileReference; fileEncoding = 4; lastKnownFileType = sourcecode.c.h; path = Module.h; sourceTree = "<group>"; };
		EBCD4A0B1BA019E4004A2EB4 /* ModuleList.cpp */ = {isa = PBXFileReference; fileEncoding = 4; lastKnownFileType = sourcecode.cpp.cpp; path = ModuleList.cpp; sourceTree = "<group>"; };
		EBCD4A0C1BA019E4004A2EB4 /* ModuleList.h */ = {isa = PBXFileReference; fileEncoding = 4; lastKnownFileType = sourcecode.c.h; path = ModuleList.h; sourceTree = "<group>"; };
		EBCD4A0D1BA019E4004A2EB4 /* ModuleManager.h */ = {isa = PBXFileReference; fileEncoding = 4; lastKnownFileType = sourcecode.c.h; path = ModuleManager.h; sourceTree = "<group>"; };
		EBCD4A0E1BA019E4004A2EB4 /* MToken.cpp */ = {isa = PBXFileReference; fileEncoding = 4; lastKnownFileType = sourcecode.cpp.cpp; path = MToken.cpp; sourceTree = "<group>"; };
		EBCD4A0F1BA019E4004A2EB4 /* MToken.h */ = {isa = PBXFileReference; fileEncoding = 4; lastKnownFileType = sourcecode.c.h; path = MToken.h; sourceTree = "<group>"; };
		EBCD4A101BA019E4004A2EB4 /* RoutingTable.cpp */ = {isa = PBXFileReference; fileEncoding = 4; lastKnownFileType = sourcecode.cpp.cpp; path = RoutingTable.cpp; sourceTree = "<group>"; };
		EBCD4A111BA019E4004A2EB4 /* RoutingTable.h */ = {isa = PBXFileReference; fileEncoding = 4; lastKnownFileType = sourcecode.c.h; path = RoutingTable.h; sourceTree = "<group>"; };
		EBCD4A121BA019E4004A2EB4 /* Server.cpp */ = {isa = PBXFileReference; fileEncoding = 4; lastKnownFileType = sourcecode.cpp.cpp; path = Server.cpp; sourceTree = "<group>"; };
		EBCD4A131BA019E4004A2EB4 /* Server.h */ = {isa = PBXFileReference; fileEncoding = 4; lastKnownFileType = sourcecode.c.h; path = Server.h; sourceTree = "<group>"; };
		EBCD4A141BA019E4004A2EB4 /* Timer.cpp */ = {isa = PBXFileReference; fileEncoding = 4; lastKnownFileType = sourcecode.cpp.cpp; path = Timer.cpp; sourceTree = "<group>"; };
		EBCD4A151BA019E4004A2EB4 /* Timer.h */ = {isa = PBXFileReference; fileEncoding = 4; lastKnownFileType = sourcecode.c.h; path = Timer.h; sourceTree = "<group>"; };
		EBCD4A171BA019E4004A2EB4 /* Recorder.cpp */ = {isa = PBXFileReference; fileEncoding = 4; lastKnownFileType = sourcecode.cpp.cpp; path = Recorder.cpp; sourceTree = "<group>"; };
		EBCD4A181BA019E4004A2EB4 /* Recorder.h */ = {isa = PBXFileReference; fileEncoding = 4; lastKnownFileType = sourcecode.c.h; path = Recorder.h; sourceTree = "<group>"; };
		EBCD4A191BA019E4004A2EB4 /* Serial.cpp */ = {isa = PBXFileReference; fileEncoding = 4; lastKnownFileType = sourcecode.cpp.cpp; path = Serial.cpp; sourceTree = "<group>"; };
		EBCD4A1A1BA019E4004A2EB4 /* Serial.h */ = {isa = PBXFileReference; fileEncoding = 4; lastKnownFileType = sourcecode.c.h; path = Serial.h; sourceTree = "<group>"; };
		EBCD4A1B1BA019E4004A2EB4 /* SerialParser.cpp */ = {isa = PBXFileReference; fileEncoding = 4; lastKnownFileType = sourcecode.cpp.cpp; path = SerialParser.cpp; sourceTree = "<group>"; };
		EBCD4A1C1BA019E4004A2EB4 /* SerialParser.h */ = {isa = PBXFileReference; fileEncoding = 4; lastKnownFileType = sourcecode.c.h; path = SerialParser.h; sourceTree = "<group>"; };
		EBCD4A1D1BA019E4004A2EB4 /* StreamingBuffer.cpp */ = {isa = PBXFileReference; fileEncoding = 4; lastKnownFileType = sourcecode.cpp.cpp; path = StreamingBuffer.cpp; sourceTree = "<group>"; };
		EBCD4A1E1BA019E4004A2EB4 /* StreamingBuffer.h */ = {isa = PBXFileReference; fileEncoding = 4; lastKnownFileType = sourcecode.c.h; path = StreamingBuffer.h; sourceTree = "<group>"; };
		EBCD4A211BA019E4004A2EB4 /* Volume.cpp */ = {isa = PBXFileReference; fileEncoding = 4; lastKnownFileType = sourcecode.cpp.cpp; path = Volume.cpp; sourceTree = "<group>"; };
		EBCD4A221BA019E4004A2EB4 /* Volume.h */ = {isa = PBXFileReference; fileEncoding = 4; lastKnownFileType = sourcecode.c.h; path = Volume.h; sourceTree = "<group>"; };
		EBCD4A231BA019E4004A2EB4 /* XBeeController.cpp */ = {isa = PBXFileReference; fileEncoding = 4; lastKnownFileType = sourcecode.cpp.cpp; path = XBeeController.cpp; sourceTree = "<group>"; };
		EBCD4A241BA019E4004A2EB4 /* XBeeController.h */ = {isa = PBXFileReference; fileEncoding = 4; lastKnownFileType = sourcecode.c.h; path = XBeeController.h; sourceTree = "<group>"; };
		EBCD4A261BA019E4004A2EB4 /* AMSynth.cpp */ = {isa = PBXFileReference; fileEncoding = 4; lastKnownFileType = sourcecode.cpp.cpp; path = AMSynth.cpp; sourceTree = "<group>"; };
		EBCD4A271BA019E4004A2EB4 /* AMSynth.h */ = {isa = PBXFileReference; fileEncoding = 4; lastKnownFileType = sourcecode.c.h; path = AMSynth.h; sourceTree = "<group>"; };
		EBCD4A281BA019E4004A2EB4 /* AudioMixer.cpp */ = {isa = PBXFileReference; fileEncoding = 4; lastKnownFileType = sourcecode.cpp.cpp; path = AudioMixer.cpp; sourceTree = "<group>"; };
		EBCD4A291BA019E4004A2EB4 /* AudioMixer.h */ = {isa = PBXFileReference; fileEncoding = 4; lastKnownFileType = sourcecode.c.h; path = AudioMixer.h; sourceTree = "<group>"; };
		EBCD4A2A1BA019E4004A2EB4 /* AudioSource.cpp */ = {isa = PBXFileReference; fileEncoding = 4; lastKnownFileType = sourcecode.cpp.cpp; path = AudioSource.cpp; sourceTree = "<group>"; };
		EBCD4A2B1BA019E4004A2EB4 /* AudioSource.h */ = {isa = PBXFileReference; fileEncoding = 4; lastKnownFileType = sourcecode.c.h; path = AudioSource.h; sourceTree = "<group>"; };
		EBCD4A2C1BA019E4004A2EB4 /* CoffeeMill.cpp */ = {isa = PBXFileReference; fileEncoding = 4; lastKnownFileType = sourcecode.cpp.cpp; path = CoffeeMill.cpp; sourceTree = "<group>"; };
		EBCD4A2D1BA019E4004A2EB4 /* CoffeeMill.h */ = {isa = PBXFileReference; fileEncoding = 4; lastKnownFileType = sourcecode.c.h; path = CoffeeMill.h; sourceTree = "<group>"; };
		EBCD4A2E1BA019E4004A2EB4 /* DAC.cpp */ = {isa = PBXFileReference; fileEncoding = 4; lastKnownFileType = sourcecode.cpp.cpp; path = DAC.cpp; sourceTree = "<group>"; };
		EBCD4A2F1BA019E4004A2EB4 /* DAC.h */ = {isa = PBXFileReference; fileEncoding = 4; lastKnownFileType = sourcecode.c.h; path = DAC.h; sourceTree = "<group>"; };
		EBCD4A301BA019E4004A2EB4 /* Delay.cpp */ = {isa = PBXFileReference; fileEncoding = 4; lastKnownFileType = sourcecode.cpp.cpp; path = Delay.cpp; sourceTree = "<group>"; };
		EBCD4A311BA019E4004A2EB4 /* Delay.h */ = {isa = PBXFileReference; fileEncoding = 4; lastKnownFileType = sourcecode.c.h; path = Delay.h; sourceTree = "<group>"; };
		EBCD4A321BA019E4004A2EB4 /* Lowpass.cpp */ = {isa = PBXFileReference; fileEncoding = 4; lastKnownFileType = sourcecode.cpp.cpp; path = Lowpass.cpp; sourceTree = "<group>"; };
		EBCD4A331BA019E4004A2EB4 /* Lowpass.h */ = {isa = PBXFileReference; fileEncoding = 4; lastKnownFileType = sourcecode.c.h; path = Lowpass.h; sourceTree = "<group>"; };
		EBCD4A341BA019E4004A2EB4 /* Object.cpp */ = {isa = PBXFileReference; fileEncoding = 4; lastKnownFileType = sourcecode.cpp.cpp; path = Object.cpp; sourceTree = "<group>"; };
		EBCD4A351BA019E4004A2EB4 /* Object.h */ = {isa = PBXFileReference; fileEncoding = 4; lastKnownFileType = sourcecode.c.h; path = Object.h; sourceTree = "<group>"; };
		EBCD4A361BA019E4004A2EB4 /* SawAM.cpp */ = {isa = PBXFileReference; fileEncoding = 4; lastKnownFileType = sourcecode.cpp.cpp; path = SawAM.cpp; sourceTree = "<group>"; };
		EBCD4A371BA019E4004A2EB4 /* SawAM.h */ = {isa = PBXFileReference; fileEncoding = 4; lastKnownFileType = sourcecode.c.h; path = SawAM.h; sourceTree = "<group>"; };
		EBCD4A381BA019E4004A2EB4 /* Twinkle.cpp */ = {isa = PBXFileReference; fileEncoding = 4; lastKnownFileType = sourcecode.cpp.cpp; path = Twinkle.cpp; sourceTree = "<group>"; };
		EBCD4A391BA019E4004A2EB4 /* Twinkle.h */ = {isa = PBXFileReference; fileEncoding = 4; lastKnownFileType = sourcecode.c.h; path = Twinkle.h; sourceTree = "<group>"; };
		EBCD4A961BA01E0C004A2EB4 /* porttime.h */ = {isa = PBXFileReference; fileEncoding = 4; lastKnownFileType = sourcecode.c.h; path = porttime.h; sourceTree = "<group>"; };
		EBCD4A971BA01E0C004A2EB4 /* ptmacosx_cf.c */ = {isa = PBXFileReference; fileEncoding = 4; lastKnownFileType = sourcecode.c.c; path = ptmacosx_cf.c; sourceTree = "<group>"; };
		EBF9AB2D1BA315EF003FAF0D /* CMMini.png */ = {isa = PBXFileReference; lastKnownFileType = image.png; path = CMMini.png; sourceTree = "<group>"; };
/* End PBXFileReference section */

/* Begin PBXFrameworksBuildPhase section */
		EB0D946B199B4CE600FF43D4 /* Frameworks */ = {
			isa = PBXFrameworksBuildPhase;
			buildActionMask = 2147483647;
			files = (
				EB0D9568199B507600FF43D4 /* CoreAudio.framework in Frameworks */,
				EB0D9566199B4FFF00FF43D4 /* AudioUnit.framework in Frameworks */,
				EB0D9564199B4FE000FF43D4 /* AudioToolbox.framework in Frameworks */,
				EB0D952A199B4E8B00FF43D4 /* libpm.a in Frameworks */,
				EB0D952C199B4E8B00FF43D4 /* libportsf.a in Frameworks */,
				EB0D952D199B4E8B00FF43D4 /* libpt.a in Frameworks */,
				EB0D9472199B4CE600FF43D4 /* Cocoa.framework in Frameworks */,
				EB0D952B199B4E8B00FF43D4 /* libportaudio.a in Frameworks */,
			);
			runOnlyForDeploymentPostprocessing = 0;
		};
		EB0D948C199B4CE700FF43D4 /* Frameworks */ = {
			isa = PBXFrameworksBuildPhase;
			buildActionMask = 2147483647;
			files = (
				EB0D9492199B4CE700FF43D4 /* Cocoa.framework in Frameworks */,
				EB0D9491199B4CE700FF43D4 /* XCTest.framework in Frameworks */,
			);
			runOnlyForDeploymentPostprocessing = 0;
		};
/* End PBXFrameworksBuildPhase section */

/* Begin PBXGroup section */
		EB0D9465199B4CE600FF43D4 = {
			isa = PBXGroup;
			children = (
				EB0D94A5199B4E8B00FF43D4 /* include */,
				EB0D94CC199B4E8B00FF43D4 /* lib */,
				EB0D94FD199B4E8B00FF43D4 /* RTSOSC */,
				EB0D9477199B4CE600FF43D4 /* RTSOSCApp */,
				EB0D9495199B4CE700FF43D4 /* RTSOSCAppTests */,
				EBABAEBE1BA2BE550072C2C4 /* data */,
				EB0D9470199B4CE600FF43D4 /* Frameworks */,
				EB0D946F199B4CE600FF43D4 /* Products */,
			);
			sourceTree = "<group>";
		};
		EB0D946F199B4CE600FF43D4 /* Products */ = {
			isa = PBXGroup;
			children = (
				EB0D946E199B4CE600FF43D4 /* MITAI.app */,
				EB0D948F199B4CE700FF43D4 /* MITAITests.xctest */,
			);
			name = Products;
			sourceTree = "<group>";
		};
		EB0D9470199B4CE600FF43D4 /* Frameworks */ = {
			isa = PBXGroup;
			children = (
				EB0D9567199B507600FF43D4 /* CoreAudio.framework */,
				EB0D9565199B4FFF00FF43D4 /* AudioUnit.framework */,
				EB0D9563199B4FE000FF43D4 /* AudioToolbox.framework */,
				EB0D9471199B4CE600FF43D4 /* Cocoa.framework */,
				EB0D9490199B4CE700FF43D4 /* XCTest.framework */,
				EB0D9473199B4CE600FF43D4 /* Other Frameworks */,
			);
			name = Frameworks;
			sourceTree = "<group>";
		};
		EB0D9473199B4CE600FF43D4 /* Other Frameworks */ = {
			isa = PBXGroup;
			children = (
				EB0D9474199B4CE600FF43D4 /* AppKit.framework */,
				EB0D9475199B4CE600FF43D4 /* CoreData.framework */,
				EB0D9476199B4CE600FF43D4 /* Foundation.framework */,
			);
			name = "Other Frameworks";
			sourceTree = "<group>";
		};
		EB0D9477199B4CE600FF43D4 /* RTSOSCApp */ = {
			isa = PBXGroup;
			children = (
				EB4BC75D1B5E2040005EE71D /* GrinderTemplate.png */,
				EB0D9483199B4CE600FF43D4 /* AppDelegate.h */,
				EB0D9484199B4CE600FF43D4 /* AppDelegate.mm */,
				EB80AC5F1BA7C32B0063AA63 /* SimpleHash.h */,
				EB80AC601BA7C67A0063AA63 /* SimpleHash.c */,
				EB0D9486199B4CE700FF43D4 /* MainMenu.xib */,
				EB0D9489199B4CE700FF43D4 /* Images.xcassets */,
				EB0D9478199B4CE600FF43D4 /* Supporting Files */,
			);
			path = RTSOSCApp;
			sourceTree = "<group>";
		};
		EB0D9478199B4CE600FF43D4 /* Supporting Files */ = {
			isa = PBXGroup;
			children = (
				EB0D9479199B4CE600FF43D4 /* MITAI-Info.plist */,
				EB0D947A199B4CE600FF43D4 /* InfoPlist.strings */,
				EB0D947D199B4CE600FF43D4 /* main.m */,
				EB0D947F199B4CE600FF43D4 /* MITAI-Prefix.pch */,
				EB0D9480199B4CE600FF43D4 /* Credits.rtf */,
			);
			name = "Supporting Files";
			sourceTree = "<group>";
		};
		EB0D9495199B4CE700FF43D4 /* RTSOSCAppTests */ = {
			isa = PBXGroup;
			children = (
				EB0D949B199B4CE700FF43D4 /* RTSOSCAppTests.m */,
				EB0D9496199B4CE700FF43D4 /* Supporting Files */,
			);
			path = RTSOSCAppTests;
			sourceTree = "<group>";
		};
		EB0D9496199B4CE700FF43D4 /* Supporting Files */ = {
			isa = PBXGroup;
			children = (
				EB0D9497199B4CE700FF43D4 /* MITAITests-Info.plist */,
				EB0D9498199B4CE700FF43D4 /* InfoPlist.strings */,
			);
			name = "Supporting Files";
			sourceTree = "<group>";
		};
		EB0D94A5199B4E8B00FF43D4 /* include */ = {
			isa = PBXGroup;
			children = (
				EB0D94B1199B4E8B00FF43D4 /* portaudio.h */,
				EB0D94B2199B4E8B00FF43D4 /* portmidi.h */,
				EB0D94B3199B4E8B00FF43D4 /* portsf.h */,
			);
			path = include;
			sourceTree = "<group>";
		};
		EB0D94CC199B4E8B00FF43D4 /* lib */ = {
			isa = PBXGroup;
			children = (
				EB0D9561199B4EFD00FF43D4 /* liblo.a */,
				EB0D94CE199B4E8B00FF43D4 /* libpm.a */,
				EB0D94CF199B4E8B00FF43D4 /* libportaudio.a */,
				EB0D94D0199B4E8B00FF43D4 /* libportsf.a */,
				EB0D94D1199B4E8B00FF43D4 /* libpt.a */,
			);
			path = lib;
			sourceTree = "<group>";
		};
		EB0D94FD199B4E8B00FF43D4 /* RTSOSC */ = {
			isa = PBXGroup;
			children = (
				EB6843331BA5746000523C9B /* liblo_new */,
				EBCD4A951BA01E0C004A2EB4 /* porttime */,
				EBCD4A021BA019E4004A2EB4 /* Core */,
				EBCD4A161BA019E4004A2EB4 /* Peripheral */,
				EBCD4A251BA019E4004A2EB4 /* Services */,
			);
			path = RTSOSC;
			sourceTree = "<group>";
		};
		EB6843331BA5746000523C9B /* liblo_new */ = {
			isa = PBXGroup;
			children = (
				EB6843341BA5746000523C9B /* address.c */,
				EB6843351BA5746000523C9B /* blob.c */,
				EB6843361BA5746000523C9B /* bundle.c */,
				EB6843531BA576F100523C9B /* config.h */,
				EB6843371BA5746000523C9B /* lo.h */,
				EB6843381BA5746000523C9B /* lo_endian.h */,
				EB6843391BA5746000523C9B /* lo_errors.h */,
				EB68433A1BA5746000523C9B /* lo_internal.h */,
				EB68433B1BA5746000523C9B /* lo_lowlevel.h */,
				EB68433C1BA5746000523C9B /* lo_macros.h */,
				EB68433D1BA5746000523C9B /* lo_osc_types.h */,
				EB68433E1BA5746000523C9B /* lo_serverthread.h */,
				EB68433F1BA5746000523C9B /* lo_throw.h */,
				EB6843401BA5746000523C9B /* lo_types.h */,
				EB6843411BA5746000523C9B /* lo_types_internal.h */,
				EB6843421BA5746000523C9B /* message.c */,
				EB6843431BA5746000523C9B /* method.c */,
				EB6843441BA5746000523C9B /* pattern_match.c */,
				EB6843451BA5746000523C9B /* send.c */,
				EB6843461BA5746000523C9B /* server.c */,
				EB6843471BA5746000523C9B /* server_thread.c */,
				EB6843481BA5746000523C9B /* timetag.c */,
			);
			path = liblo_new;
			sourceTree = "<group>";
		};
		EBABAEBE1BA2BE550072C2C4 /* data */ = {
			isa = PBXGroup;
			children = (
				EBABAEBF1BA2BE550072C2C4 /* Audio */,
				EBABAEC31BA2BE550072C2C4 /* Icon */,
			);
			path = data;
			sourceTree = "<group>";
		};
		EBABAEBF1BA2BE550072C2C4 /* Audio */ = {
			isa = PBXGroup;
			children = (
				EB6843751BA5826D00523C9B /* A.wav */,
				EBABAEC01BA2BE550072C2C4 /* D.wav */,
				EBABAEC11BA2BE550072C2C4 /* Disny.wav */,
				EBABAEC21BA2BE550072C2C4 /* Furin.wav */,
			);
			path = Audio;
			sourceTree = "<group>";
		};
		EBABAEC31BA2BE550072C2C4 /* Icon */ = {
			isa = PBXGroup;
			children = (
				EBF9AB2D1BA315EF003FAF0D /* CMMini.png */,
				EBABAEC41BA2BE550072C2C4 /* Coffeegrinder.png */,
				EBABAEC51BA2BE550072C2C4 /* Drawer.png */,
				EBABAEC61BA2BE550072C2C4 /* Fan.png */,
				EBABAEC71BA2BE550072C2C4 /* Speaker.png */,
			);
			path = Icon;
			sourceTree = "<group>";
		};
		EBCD4A021BA019E4004A2EB4 /* Core */ = {
			isa = PBXGroup;
			children = (
				EBCD4A051BA019E4004A2EB4 /* Coordinator.cpp */,
				EBCD4A061BA019E4004A2EB4 /* Coordinator.h */,
				EBCD4A091BA019E4004A2EB4 /* Module.cpp */,
				EBCD4A0A1BA019E4004A2EB4 /* Module.h */,
				EBCD4A0B1BA019E4004A2EB4 /* ModuleList.cpp */,
				EBCD4A0C1BA019E4004A2EB4 /* ModuleList.h */,
				EBCD4A0D1BA019E4004A2EB4 /* ModuleManager.h */,
				EBCD4A0E1BA019E4004A2EB4 /* MToken.cpp */,
				EBCD4A0F1BA019E4004A2EB4 /* MToken.h */,
				EBCD4A101BA019E4004A2EB4 /* RoutingTable.cpp */,
				EBCD4A111BA019E4004A2EB4 /* RoutingTable.h */,
				EBCD4A121BA019E4004A2EB4 /* Server.cpp */,
				EBCD4A131BA019E4004A2EB4 /* Server.h */,
				EBCD4A141BA019E4004A2EB4 /* Timer.cpp */,
				EBCD4A151BA019E4004A2EB4 /* Timer.h */,
			);
			path = Core;
			sourceTree = "<group>";
		};
		EBCD4A161BA019E4004A2EB4 /* Peripheral */ = {
			isa = PBXGroup;
			children = (
				EBCD4A171BA019E4004A2EB4 /* Recorder.cpp */,
				EBCD4A181BA019E4004A2EB4 /* Recorder.h */,
				EBCD4A191BA019E4004A2EB4 /* Serial.cpp */,
				EBCD4A1A1BA019E4004A2EB4 /* Serial.h */,
				EBCD4A1B1BA019E4004A2EB4 /* SerialParser.cpp */,
				EBCD4A1C1BA019E4004A2EB4 /* SerialParser.h */,
				EBCD4A1D1BA019E4004A2EB4 /* StreamingBuffer.cpp */,
				EBCD4A1E1BA019E4004A2EB4 /* StreamingBuffer.h */,
				EBCD4A211BA019E4004A2EB4 /* Volume.cpp */,
				EBCD4A221BA019E4004A2EB4 /* Volume.h */,
				EBCD4A231BA019E4004A2EB4 /* XBeeController.cpp */,
				EBCD4A241BA019E4004A2EB4 /* XBeeController.h */,
			);
			path = Peripheral;
			sourceTree = "<group>";
		};
		EBCD4A251BA019E4004A2EB4 /* Services */ = {
			isa = PBXGroup;
			children = (
				EBCD4A261BA019E4004A2EB4 /* AMSynth.cpp */,
				EBCD4A271BA019E4004A2EB4 /* AMSynth.h */,
				EBCD4A281BA019E4004A2EB4 /* AudioMixer.cpp */,
				EBCD4A291BA019E4004A2EB4 /* AudioMixer.h */,
				EBCD4A2A1BA019E4004A2EB4 /* AudioSource.cpp */,
				EBCD4A2B1BA019E4004A2EB4 /* AudioSource.h */,
				EBCD4A2C1BA019E4004A2EB4 /* CoffeeMill.cpp */,
				EBCD4A2D1BA019E4004A2EB4 /* CoffeeMill.h */,
				EBCD4A2E1BA019E4004A2EB4 /* DAC.cpp */,
				EBCD4A2F1BA019E4004A2EB4 /* DAC.h */,
				EBCD4A301BA019E4004A2EB4 /* Delay.cpp */,
				EBCD4A311BA019E4004A2EB4 /* Delay.h */,
				EBCD4A321BA019E4004A2EB4 /* Lowpass.cpp */,
				EBCD4A331BA019E4004A2EB4 /* Lowpass.h */,
				EBCD4A341BA019E4004A2EB4 /* Object.cpp */,
				EBCD4A351BA019E4004A2EB4 /* Object.h */,
				EBCD4A361BA019E4004A2EB4 /* SawAM.cpp */,
				EBCD4A371BA019E4004A2EB4 /* SawAM.h */,
				EBCD4A381BA019E4004A2EB4 /* Twinkle.cpp */,
				EBCD4A391BA019E4004A2EB4 /* Twinkle.h */,
			);
			path = Services;
			sourceTree = "<group>";
		};
		EBCD4A951BA01E0C004A2EB4 /* porttime */ = {
			isa = PBXGroup;
			children = (
				EBCD4A961BA01E0C004A2EB4 /* porttime.h */,
				EBCD4A971BA01E0C004A2EB4 /* ptmacosx_cf.c */,
			);
			path = porttime;
			sourceTree = "<group>";
		};
/* End PBXGroup section */

/* Begin PBXNativeTarget section */
		EB0D946D199B4CE600FF43D4 /* MITAI */ = {
			isa = PBXNativeTarget;
			buildConfigurationList = EB0D949F199B4CE700FF43D4 /* Build configuration list for PBXNativeTarget "MITAI" */;
			buildPhases = (
				EB0D946A199B4CE600FF43D4 /* Sources */,
				EB0D946B199B4CE600FF43D4 /* Frameworks */,
				EB0D946C199B4CE600FF43D4 /* Resources */,
			);
			buildRules = (
			);
			dependencies = (
			);
			name = MITAI;
			productName = RTSOSCApp;
			productReference = EB0D946E199B4CE600FF43D4 /* MITAI.app */;
			productType = "com.apple.product-type.application";
		};
		EB0D948E199B4CE700FF43D4 /* MITAITests */ = {
			isa = PBXNativeTarget;
			buildConfigurationList = EB0D94A2199B4CE700FF43D4 /* Build configuration list for PBXNativeTarget "MITAITests" */;
			buildPhases = (
				EB0D948B199B4CE700FF43D4 /* Sources */,
				EB0D948C199B4CE700FF43D4 /* Frameworks */,
				EB0D948D199B4CE700FF43D4 /* Resources */,
			);
			buildRules = (
			);
			dependencies = (
				EB0D9494199B4CE700FF43D4 /* PBXTargetDependency */,
			);
			name = MITAITests;
			productName = RTSOSCAppTests;
			productReference = EB0D948F199B4CE700FF43D4 /* MITAITests.xctest */;
			productType = "com.apple.product-type.bundle.unit-test";
		};
/* End PBXNativeTarget section */

/* Begin PBXProject section */
		EB0D9466199B4CE600FF43D4 /* Project object */ = {
			isa = PBXProject;
			attributes = {
				LastUpgradeCheck = 0510;
				ORGANIZATIONNAME = "Musashi Nakajima";
				TargetAttributes = {
					EB0D948E199B4CE700FF43D4 = {
						TestTargetID = EB0D946D199B4CE600FF43D4;
					};
				};
			};
			buildConfigurationList = EB0D9469199B4CE600FF43D4 /* Build configuration list for PBXProject "MITAI" */;
			compatibilityVersion = "Xcode 3.2";
			developmentRegion = English;
			hasScannedForEncodings = 0;
			knownRegions = (
				en,
				Base,
			);
			mainGroup = EB0D9465199B4CE600FF43D4;
			productRefGroup = EB0D946F199B4CE600FF43D4 /* Products */;
			projectDirPath = "";
			projectRoot = "";
			targets = (
				EB0D946D199B4CE600FF43D4 /* MITAI */,
				EB0D948E199B4CE700FF43D4 /* MITAITests */,
			);
		};
/* End PBXProject section */

/* Begin PBXResourcesBuildPhase section */
		EB0D946C199B4CE600FF43D4 /* Resources */ = {
			isa = PBXResourcesBuildPhase;
			buildActionMask = 2147483647;
			files = (
				EB6843761BA5826D00523C9B /* A.wav in Resources */,
				EB0D947C199B4CE600FF43D4 /* InfoPlist.strings in Resources */,
				EBABAECE1BA2BE560072C2C4 /* Speaker.png in Resources */,
				EBABAECA1BA2BE560072C2C4 /* Furin.wav in Resources */,
				EBABAEC91BA2BE560072C2C4 /* Disny.wav in Resources */,
				EB0D948A199B4CE700FF43D4 /* Images.xcassets in Resources */,
				EBABAECC1BA2BE560072C2C4 /* Drawer.png in Resources */,
				EB0D9482199B4CE600FF43D4 /* Credits.rtf in Resources */,
				EBF9AB2E1BA315EF003FAF0D /* CMMini.png in Resources */,
				EBABAEC81BA2BE560072C2C4 /* D.wav in Resources */,
				EBABAECD1BA2BE560072C2C4 /* Fan.png in Resources */,
				EB4BC75E1B5E2040005EE71D /* GrinderTemplate.png in Resources */,
				EBABAECB1BA2BE560072C2C4 /* Coffeegrinder.png in Resources */,
				EB0D9488199B4CE700FF43D4 /* MainMenu.xib in Resources */,
			);
			runOnlyForDeploymentPostprocessing = 0;
		};
		EB0D948D199B4CE700FF43D4 /* Resources */ = {
			isa = PBXResourcesBuildPhase;
			buildActionMask = 2147483647;
			files = (
				EB0D949A199B4CE700FF43D4 /* InfoPlist.strings in Resources */,
			);
			runOnlyForDeploymentPostprocessing = 0;
		};
/* End PBXResourcesBuildPhase section */

/* Begin PBXSourcesBuildPhase section */
		EB0D946A199B4CE600FF43D4 /* Sources */ = {
			isa = PBXSourcesBuildPhase;
			buildActionMask = 2147483647;
			files = (
				EBCD4A461BA019E4004A2EB4 /* StreamingBuffer.cpp in Sources */,
				EB6843511BA5746000523C9B /* server_thread.c in Sources */,
				EBCD4A531BA019E4004A2EB4 /* Twinkle.cpp in Sources */,
				EB68434A1BA5746000523C9B /* blob.c in Sources */,
				EBCD4A481BA019E4004A2EB4 /* Volume.cpp in Sources */,
				EBCD4A4F1BA019E4004A2EB4 /* Delay.cpp in Sources */,
				EBCD4A981BA01E0C004A2EB4 /* ptmacosx_cf.c in Sources */,
				EBCD4A431BA019E4004A2EB4 /* Recorder.cpp in Sources */,
				EBCD4A3D1BA019E4004A2EB4 /* Module.cpp in Sources */,
				EB80AC611BA7C67B0063AA63 /* SimpleHash.c in Sources */,
				EB68434B1BA5746000523C9B /* bundle.c in Sources */,
				EBCD4A411BA019E4004A2EB4 /* Server.cpp in Sources */,
				EB68434E1BA5746000523C9B /* pattern_match.c in Sources */,
				EBCD4A3E1BA019E4004A2EB4 /* ModuleList.cpp in Sources */,
				EBCD4A3F1BA019E4004A2EB4 /* MToken.cpp in Sources */,
				EBCD4A4E1BA019E4004A2EB4 /* DAC.cpp in Sources */,
				EBCD4A4A1BA019E4004A2EB4 /* AMSynth.cpp in Sources */,
				EBCD4A451BA019E4004A2EB4 /* SerialParser.cpp in Sources */,
				EB6843521BA5746000523C9B /* timetag.c in Sources */,
				EB68434C1BA5746000523C9B /* message.c in Sources */,
				EB0D9485199B4CE600FF43D4 /* AppDelegate.mm in Sources */,
				EBCD4A521BA019E4004A2EB4 /* SawAM.cpp in Sources */,
				EB68434D1BA5746000523C9B /* method.c in Sources */,
				EB0D947E199B4CE600FF43D4 /* main.m in Sources */,
				EBCD4A421BA019E4004A2EB4 /* Timer.cpp in Sources */,
				EBCD4A3B1BA019E4004A2EB4 /* Coordinator.cpp in Sources */,
				EBCD4A4B1BA019E4004A2EB4 /* AudioMixer.cpp in Sources */,
				EBCD4A4D1BA019E4004A2EB4 /* CoffeeMill.cpp in Sources */,
				EB6843491BA5746000523C9B /* address.c in Sources */,
				EBCD4A401BA019E4004A2EB4 /* RoutingTable.cpp in Sources */,
				EBCD4A511BA019E4004A2EB4 /* Object.cpp in Sources */,
				EB68434F1BA5746000523C9B /* send.c in Sources */,
				EBCD4A501BA019E4004A2EB4 /* Lowpass.cpp in Sources */,
				EBCD4A491BA019E4004A2EB4 /* XBeeController.cpp in Sources */,
				EBCD4A4C1BA019E4004A2EB4 /* AudioSource.cpp in Sources */,
				EB6843501BA5746000523C9B /* server.c in Sources */,
				EBCD4A441BA019E4004A2EB4 /* Serial.cpp in Sources */,
			);
			runOnlyForDeploymentPostprocessing = 0;
		};
		EB0D948B199B4CE700FF43D4 /* Sources */ = {
			isa = PBXSourcesBuildPhase;
			buildActionMask = 2147483647;
			files = (
				EB0D949C199B4CE700FF43D4 /* RTSOSCAppTests.m in Sources */,
			);
			runOnlyForDeploymentPostprocessing = 0;
		};
/* End PBXSourcesBuildPhase section */

/* Begin PBXTargetDependency section */
		EB0D9494199B4CE700FF43D4 /* PBXTargetDependency */ = {
			isa = PBXTargetDependency;
			target = EB0D946D199B4CE600FF43D4 /* MITAI */;
			targetProxy = EB0D9493199B4CE700FF43D4 /* PBXContainerItemProxy */;
		};
/* End PBXTargetDependency section */

/* Begin PBXVariantGroup section */
		EB0D947A199B4CE600FF43D4 /* InfoPlist.strings */ = {
			isa = PBXVariantGroup;
			children = (
				EB0D947B199B4CE600FF43D4 /* en */,
			);
			name = InfoPlist.strings;
			sourceTree = "<group>";
		};
		EB0D9480199B4CE600FF43D4 /* Credits.rtf */ = {
			isa = PBXVariantGroup;
			children = (
				EB0D9481199B4CE600FF43D4 /* en */,
			);
			name = Credits.rtf;
			sourceTree = "<group>";
		};
		EB0D9486199B4CE700FF43D4 /* MainMenu.xib */ = {
			isa = PBXVariantGroup;
			children = (
				EB0D9487199B4CE700FF43D4 /* Base */,
			);
			name = MainMenu.xib;
			sourceTree = "<group>";
		};
		EB0D9498199B4CE700FF43D4 /* InfoPlist.strings */ = {
			isa = PBXVariantGroup;
			children = (
				EB0D9499199B4CE700FF43D4 /* en */,
			);
			name = InfoPlist.strings;
			sourceTree = "<group>";
		};
/* End PBXVariantGroup section */

/* Begin XCBuildConfiguration section */
		EB0D949D199B4CE700FF43D4 /* Debug */ = {
			isa = XCBuildConfiguration;
			buildSettings = {
				ALWAYS_SEARCH_USER_PATHS = NO;
				CLANG_CXX_LANGUAGE_STANDARD = "gnu++0x";
				CLANG_CXX_LIBRARY = "libc++";
				CLANG_ENABLE_MODULES = YES;
				CLANG_ENABLE_OBJC_ARC = YES;
				CLANG_WARN_BOOL_CONVERSION = YES;
				CLANG_WARN_CONSTANT_CONVERSION = YES;
				CLANG_WARN_DIRECT_OBJC_ISA_USAGE = YES_ERROR;
				CLANG_WARN_EMPTY_BODY = YES;
				CLANG_WARN_ENUM_CONVERSION = YES;
				CLANG_WARN_INT_CONVERSION = YES;
				CLANG_WARN_OBJC_ROOT_CLASS = YES_ERROR;
				CLANG_WARN__DUPLICATE_METHOD_MATCH = YES;
				COPY_PHASE_STRIP = NO;
				GCC_C_LANGUAGE_STANDARD = gnu99;
				GCC_DYNAMIC_NO_PIC = NO;
				GCC_ENABLE_OBJC_EXCEPTIONS = YES;
				GCC_OPTIMIZATION_LEVEL = 0;
				GCC_PREPROCESSOR_DEFINITIONS = (
					"DEBUG=1",
					"$(inherited)",
				);
				GCC_SYMBOLS_PRIVATE_EXTERN = NO;
				GCC_WARN_64_TO_32_BIT_CONVERSION = YES;
				GCC_WARN_ABOUT_RETURN_TYPE = YES_ERROR;
				GCC_WARN_UNDECLARED_SELECTOR = YES;
				GCC_WARN_UNINITIALIZED_AUTOS = YES_AGGRESSIVE;
				GCC_WARN_UNUSED_FUNCTION = YES;
				GCC_WARN_UNUSED_VARIABLE = YES;
				MACOSX_DEPLOYMENT_TARGET = 10.9;
				ONLY_ACTIVE_ARCH = YES;
				SDKROOT = macosx;
			};
			name = Debug;
		};
		EB0D949E199B4CE700FF43D4 /* Release */ = {
			isa = XCBuildConfiguration;
			buildSettings = {
				ALWAYS_SEARCH_USER_PATHS = NO;
				CLANG_CXX_LANGUAGE_STANDARD = "gnu++0x";
				CLANG_CXX_LIBRARY = "libc++";
				CLANG_ENABLE_MODULES = YES;
				CLANG_ENABLE_OBJC_ARC = YES;
				CLANG_WARN_BOOL_CONVERSION = YES;
				CLANG_WARN_CONSTANT_CONVERSION = YES;
				CLANG_WARN_DIRECT_OBJC_ISA_USAGE = YES_ERROR;
				CLANG_WARN_EMPTY_BODY = YES;
				CLANG_WARN_ENUM_CONVERSION = YES;
				CLANG_WARN_INT_CONVERSION = YES;
				CLANG_WARN_OBJC_ROOT_CLASS = YES_ERROR;
				CLANG_WARN__DUPLICATE_METHOD_MATCH = YES;
				COPY_PHASE_STRIP = YES;
				DEBUG_INFORMATION_FORMAT = "dwarf-with-dsym";
				ENABLE_NS_ASSERTIONS = NO;
				GCC_C_LANGUAGE_STANDARD = gnu99;
				GCC_ENABLE_OBJC_EXCEPTIONS = YES;
				GCC_WARN_64_TO_32_BIT_CONVERSION = YES;
				GCC_WARN_ABOUT_RETURN_TYPE = YES_ERROR;
				GCC_WARN_UNDECLARED_SELECTOR = YES;
				GCC_WARN_UNINITIALIZED_AUTOS = YES_AGGRESSIVE;
				GCC_WARN_UNUSED_FUNCTION = YES;
				GCC_WARN_UNUSED_VARIABLE = YES;
				MACOSX_DEPLOYMENT_TARGET = 10.9;
				SDKROOT = macosx;
			};
			name = Release;
		};
		EB0D94A0199B4CE700FF43D4 /* Debug */ = {
			isa = XCBuildConfiguration;
			buildSettings = {
				ASSETCATALOG_COMPILER_APPICON_NAME = AppIcon;
				COMBINE_HIDPI_IMAGES = YES;
				GCC_PRECOMPILE_PREFIX_HEADER = YES;
				GCC_PREFIX_HEADER = "RTSOSCApp/MITAI-Prefix.pch";
				GCC_PREPROCESSOR_DEFINITIONS = HAVE_POLL;
				INFOPLIST_FILE = "RTSOSCApp/MITAI-Info.plist";
				LIBRARY_SEARCH_PATHS = (
					"$(inherited)",
					"$(PROJECT_DIR)/lib",
				);
				PRODUCT_NAME = MITAI;
				WRAPPER_EXTENSION = app;
			};
			name = Debug;
		};
		EB0D94A1199B4CE700FF43D4 /* Release */ = {
			isa = XCBuildConfiguration;
			buildSettings = {
				ASSETCATALOG_COMPILER_APPICON_NAME = AppIcon;
				COMBINE_HIDPI_IMAGES = YES;
				GCC_PRECOMPILE_PREFIX_HEADER = YES;
				GCC_PREFIX_HEADER = "RTSOSCApp/MITAI-Prefix.pch";
				GCC_PREPROCESSOR_DEFINITIONS = HAVE_POLL;
				INFOPLIST_FILE = "RTSOSCApp/MITAI-Info.plist";
				LIBRARY_SEARCH_PATHS = (
					"$(inherited)",
					"$(PROJECT_DIR)/lib",
				);
				PRODUCT_NAME = MITAI;
				WRAPPER_EXTENSION = app;
			};
			name = Release;
		};
		EB0D94A3199B4CE700FF43D4 /* Debug */ = {
			isa = XCBuildConfiguration;
			buildSettings = {
				BUNDLE_LOADER = "$(BUILT_PRODUCTS_DIR)/RTSOSCApp.app/Contents/MacOS/RTSOSCApp";
				COMBINE_HIDPI_IMAGES = YES;
				FRAMEWORK_SEARCH_PATHS = (
					"$(DEVELOPER_FRAMEWORKS_DIR)",
					"$(inherited)",
				);
				GCC_PRECOMPILE_PREFIX_HEADER = YES;
				GCC_PREFIX_HEADER = "RTSOSCApp/RTSOSCApp-Prefix.pch";
				GCC_PREPROCESSOR_DEFINITIONS = (
					"DEBUG=1",
					"$(inherited)",
				);
				INFOPLIST_FILE = "RTSOSCAppTests/MITAITests-Info.plist";
				PRODUCT_NAME = MITAITests;
				TEST_HOST = "$(BUNDLE_LOADER)";
				WRAPPER_EXTENSION = xctest;
			};
			name = Debug;
		};
		EB0D94A4199B4CE700FF43D4 /* Release */ = {
			isa = XCBuildConfiguration;
			buildSettings = {
				BUNDLE_LOADER = "$(BUILT_PRODUCTS_DIR)/RTSOSCApp.app/Contents/MacOS/RTSOSCApp";
				COMBINE_HIDPI_IMAGES = YES;
				FRAMEWORK_SEARCH_PATHS = (
					"$(DEVELOPER_FRAMEWORKS_DIR)",
					"$(inherited)",
				);
				GCC_PRECOMPILE_PREFIX_HEADER = YES;
				GCC_PREFIX_HEADER = "RTSOSCApp/RTSOSCApp-Prefix.pch";
				INFOPLIST_FILE = "RTSOSCAppTests/MITAITests-Info.plist";
				PRODUCT_NAME = MITAITests;
				TEST_HOST = "$(BUNDLE_LOADER)";
				WRAPPER_EXTENSION = xctest;
			};
			name = Release;
		};
/* End XCBuildConfiguration section */

/* Begin XCConfigurationList section */
		EB0D9469199B4CE600FF43D4 /* Build configuration list for PBXProject "MITAI" */ = {
			isa = XCConfigurationList;
			buildConfigurations = (
				EB0D949D199B4CE700FF43D4 /* Debug */,
				EB0D949E199B4CE700FF43D4 /* Release */,
			);
			defaultConfigurationIsVisible = 0;
			defaultConfigurationName = Release;
		};
		EB0D949F199B4CE700FF43D4 /* Build configuration list for PBXNativeTarget "MITAI" */ = {
			isa = XCConfigurationList;
			buildConfigurations = (
				EB0D94A0199B4CE700FF43D4 /* Debug */,
				EB0D94A1199B4CE700FF43D4 /* Release */,
			);
			defaultConfigurationIsVisible = 0;
			defaultConfigurationName = Release;
		};
		EB0D94A2199B4CE700FF43D4 /* Build configuration list for PBXNativeTarget "MITAITests" */ = {
			isa = XCConfigurationList;
			buildConfigurations = (
				EB0D94A3199B4CE700FF43D4 /* Debug */,
				EB0D94A4199B4CE700FF43D4 /* Release */,
			);
			defaultConfigurationIsVisible = 0;
			defaultConfigurationName = Release;
		};
/* End XCConfigurationList section */
	};
	rootObject = EB0D9466199B4CE600FF43D4 /* Project object */;
}
